// !$*UTF8*$!
{
	archiveVersion = 1;
	classes = {
	};
	objectVersion = 51;
	objects = {

/* Begin PBXBuildFile section */
		6F969714544C3EBD7E920F21 /* Pods_AniXPlayer.framework in Frameworks */ = {isa = PBXBuildFile; fileRef = 6620BF43605B5DDE3E8B15B6 /* Pods_AniXPlayer.framework */; };
		89044755290180110088886B /* VLCPlayerWrapper.swift in Sources */ = {isa = PBXBuildFile; fileRef = 89044754290180110088886B /* VLCPlayerWrapper.swift */; };
		89044759290186B40088886B /* UIViewController+Helper.swift in Sources */ = {isa = PBXBuildFile; fileRef = 89044758290186B40088886B /* UIViewController+Helper.swift */; };
		8904475B290189CD0088886B /* GoogleService-Info.plist in Resources */ = {isa = PBXBuildFile; fileRef = 8904475A290189CD0088886B /* GoogleService-Info.plist */; };
		890886C429FFE30A005EDBD6 /* PCFile.swift in Sources */ = {isa = PBXBuildFile; fileRef = 890886C329FFE30A005EDBD6 /* PCFile.swift */; };
		890886C629FFE33E005EDBD6 /* PCFileManager.swift in Sources */ = {isa = PBXBuildFile; fileRef = 890886C529FFE33E005EDBD6 /* PCFileManager.swift */; };
		890886CA29FFE6D9005EDBD6 /* PCWelcomeModel.swift in Sources */ = {isa = PBXBuildFile; fileRef = 890886C929FFE6D9005EDBD6 /* PCWelcomeModel.swift */; };
		890886CE2A010C6E005EDBD6 /* PCLibraryModel.swift in Sources */ = {isa = PBXBuildFile; fileRef = 890886CD2A010C6E005EDBD6 /* PCLibraryModel.swift */; };
		890886D02A0117CA005EDBD6 /* PCLoginHistoryViewController.swift in Sources */ = {isa = PBXBuildFile; fileRef = 890886CF2A0117CA005EDBD6 /* PCLoginHistoryViewController.swift */; };
		890886D42A0118A4005EDBD6 /* JHQRCodeReader.m in Sources */ = {isa = PBXBuildFile; fileRef = 890886D32A0118A4005EDBD6 /* JHQRCodeReader.m */; };
		890886D92A011971005EDBD6 /* PCQRScannerViewController.swift in Sources */ = {isa = PBXBuildFile; fileRef = 890886D82A011971005EDBD6 /* PCQRScannerViewController.swift */; };
		890886DB2A011C8B005EDBD6 /* PCQRModel.swift in Sources */ = {isa = PBXBuildFile; fileRef = 890886DA2A011C8B005EDBD6 /* PCQRModel.swift */; };
		890886DD2A01277B005EDBD6 /* PCConnectSvrViewController.swift in Sources */ = {isa = PBXBuildFile; fileRef = 890886DC2A01277B005EDBD6 /* PCConnectSvrViewController.swift */; };
		890DF6CD26160826002D8AE5 /* AppDelegate.swift in Sources */ = {isa = PBXBuildFile; fileRef = 890DF6CC26160826002D8AE5 /* AppDelegate.swift */; };
		890DF6D426160826002D8AE5 /* Main.storyboard in Resources */ = {isa = PBXBuildFile; fileRef = 890DF6D226160826002D8AE5 /* Main.storyboard */; };
		890DF6D626160827002D8AE5 /* Assets.xcassets in Resources */ = {isa = PBXBuildFile; fileRef = 890DF6D526160827002D8AE5 /* Assets.xcassets */; };
		890DF6D926160827002D8AE5 /* LaunchScreen.storyboard in Resources */ = {isa = PBXBuildFile; fileRef = 890DF6D726160827002D8AE5 /* LaunchScreen.storyboard */; };
		890DF6EE26160A25002D8AE5 /* RefreshText.plist in Resources */ = {isa = PBXBuildFile; fileRef = 890DF6ED26160A25002D8AE5 /* RefreshText.plist */; };
		890DF6F926160A36002D8AE5 /* Label.swift in Sources */ = {isa = PBXBuildFile; fileRef = 890DF6F226160A36002D8AE5 /* Label.swift */; };
		890DF6FA26160A36002D8AE5 /* RefreshHeader.swift in Sources */ = {isa = PBXBuildFile; fileRef = 890DF6F326160A36002D8AE5 /* RefreshHeader.swift */; };
		890DF6FB26160A36002D8AE5 /* TableViewCell.swift in Sources */ = {isa = PBXBuildFile; fileRef = 890DF6F426160A36002D8AE5 /* TableViewCell.swift */; };
		890DF6FC26160A36002D8AE5 /* TableView.swift in Sources */ = {isa = PBXBuildFile; fileRef = 890DF6F526160A36002D8AE5 /* TableView.swift */; };
		890DF6FD26160A36002D8AE5 /* ViewController.swift in Sources */ = {isa = PBXBuildFile; fileRef = 890DF6F726160A36002D8AE5 /* ViewController.swift */; };
		890DF6FE26160A36002D8AE5 /* NavigationController.swift in Sources */ = {isa = PBXBuildFile; fileRef = 890DF6F826160A36002D8AE5 /* NavigationController.swift */; };
		890DF74F26160B1B002D8AE5 /* UIFont+Helper.swift in Sources */ = {isa = PBXBuildFile; fileRef = 890DF74926160B1B002D8AE5 /* UIFont+Helper.swift */; };
		890DF75026160B1B002D8AE5 /* UIColor+Helper.swift in Sources */ = {isa = PBXBuildFile; fileRef = 890DF74A26160B1B002D8AE5 /* UIColor+Helper.swift */; };
		890DF75126160B1B002D8AE5 /* UIView+Helper.swift in Sources */ = {isa = PBXBuildFile; fileRef = 890DF74B26160B1B002D8AE5 /* UIView+Helper.swift */; };
		890DF75226160B1B002D8AE5 /* UIDevice+Helper.swift in Sources */ = {isa = PBXBuildFile; fileRef = 890DF74C26160B1B002D8AE5 /* UIDevice+Helper.swift */; };
		890DF75426160B1B002D8AE5 /* UITableView+Extension.swift in Sources */ = {isa = PBXBuildFile; fileRef = 890DF74E26160B1B002D8AE5 /* UITableView+Extension.swift */; };
		890DF76E26160B3E002D8AE5 /* FileBrowserViewController.swift in Sources */ = {isa = PBXBuildFile; fileRef = 890DF75726160B3E002D8AE5 /* FileBrowserViewController.swift */; };
		890DF76F26160B3E002D8AE5 /* FolderTableViewCell.swift in Sources */ = {isa = PBXBuildFile; fileRef = 890DF75A26160B3E002D8AE5 /* FolderTableViewCell.swift */; };
		890DF77026160B3E002D8AE5 /* FileTableViewCell.swift in Sources */ = {isa = PBXBuildFile; fileRef = 890DF75B26160B3E002D8AE5 /* FileTableViewCell.swift */; };
		890DF77226160B3E002D8AE5 /* FolderTableViewCell.xib in Resources */ = {isa = PBXBuildFile; fileRef = 890DF75D26160B3E002D8AE5 /* FolderTableViewCell.xib */; };
		890DF77326160B3E002D8AE5 /* SendDanmakuViewController.swift in Sources */ = {isa = PBXBuildFile; fileRef = 890DF75F26160B3E002D8AE5 /* SendDanmakuViewController.swift */; };
		890DF77526160B3E002D8AE5 /* PlayerViewController.swift in Sources */ = {isa = PBXBuildFile; fileRef = 890DF76126160B3E002D8AE5 /* PlayerViewController.swift */; };
		890DF77726160B3E002D8AE5 /* PlayerControlAnimater.swift in Sources */ = {isa = PBXBuildFile; fileRef = 890DF76526160B3E002D8AE5 /* PlayerControlAnimater.swift */; };
		890DF77926160B3E002D8AE5 /* PlayerUIView.swift in Sources */ = {isa = PBXBuildFile; fileRef = 890DF76826160B3E002D8AE5 /* PlayerUIView.swift */; };
		890DF77A26160B3E002D8AE5 /* SliderControlView.swift in Sources */ = {isa = PBXBuildFile; fileRef = 890DF76926160B3E002D8AE5 /* SliderControlView.swift */; };
		890DF77B26160B3E002D8AE5 /* SevenSwitch.swift in Sources */ = {isa = PBXBuildFile; fileRef = 890DF76A26160B3E002D8AE5 /* SevenSwitch.swift */; };
		890DF77D26160B3E002D8AE5 /* VolumeControlView.swift in Sources */ = {isa = PBXBuildFile; fileRef = 890DF76C26160B3E002D8AE5 /* VolumeControlView.swift */; };
		890DF77E26160B3E002D8AE5 /* PlayerNavigationController.swift in Sources */ = {isa = PBXBuildFile; fileRef = 890DF76D26160B3E002D8AE5 /* PlayerNavigationController.swift */; };
		890DF81C2616174C002D8AE5 /* HomePageViewController.swift in Sources */ = {isa = PBXBuildFile; fileRef = 890DF81B2616174C002D8AE5 /* HomePageViewController.swift */; };
		890DF823261617D0002D8AE5 /* PickFileTableViewCell.swift in Sources */ = {isa = PBXBuildFile; fileRef = 890DF821261617D0002D8AE5 /* PickFileTableViewCell.swift */; };
		890DF824261617D0002D8AE5 /* PickFileTableViewCell.xib in Resources */ = {isa = PBXBuildFile; fileRef = 890DF822261617D0002D8AE5 /* PickFileTableViewCell.xib */; };
		890DF85B26189533002D8AE5 /* Helper.swift in Sources */ = {isa = PBXBuildFile; fileRef = 890DF85A26189533002D8AE5 /* Helper.swift */; };
		890DF85F26189CDF002D8AE5 /* MatchsViewController.swift in Sources */ = {isa = PBXBuildFile; fileRef = 890DF85E26189CDF002D8AE5 /* MatchsViewController.swift */; };
		890DF86526189D26002D8AE5 /* EpisodeTableViewCell.swift in Sources */ = {isa = PBXBuildFile; fileRef = 890DF86326189D26002D8AE5 /* EpisodeTableViewCell.swift */; };
		890DF86B2618A406002D8AE5 /* MatchItem.swift in Sources */ = {isa = PBXBuildFile; fileRef = 890DF86A2618A406002D8AE5 /* MatchItem.swift */; };
		890DF86F2618B922002D8AE5 /* AnimatesTableViewCell.swift in Sources */ = {isa = PBXBuildFile; fileRef = 890DF86E2618B922002D8AE5 /* AnimatesTableViewCell.swift */; };
		8914481C261F510700E26133 /* SearchViewController.swift in Sources */ = {isa = PBXBuildFile; fileRef = 8914481B261F510700E26133 /* SearchViewController.swift */; };
		8931F0E52674CA6A00590569 /* UIBarButtonItem+Helper.swift in Sources */ = {isa = PBXBuildFile; fileRef = 8931F0E42674CA6A00590569 /* UIBarButtonItem+Helper.swift */; };
		8931F0EB2674CD3300590569 /* HttpServerViewController.swift in Sources */ = {isa = PBXBuildFile; fileRef = 8931F0EA2674CD3300590569 /* HttpServerViewController.swift */; };
		8931F0EE26750D6500590569 /* UIView+HitTest.m in Sources */ = {isa = PBXBuildFile; fileRef = 8931F0ED26750D6500590569 /* UIView+HitTest.m */; };
		8931F0F02677320200590569 /* LocalFilesViewController.swift in Sources */ = {isa = PBXBuildFile; fileRef = 8931F0EF2677320200590569 /* LocalFilesViewController.swift */; };
		8931F0F32677388600590569 /* TitleDetailMoreTableViewCell.swift in Sources */ = {isa = PBXBuildFile; fileRef = 8931F0F12677388600590569 /* TitleDetailMoreTableViewCell.swift */; };
		8931F0F42677388600590569 /* TitleDetailMoreTableViewCell.xib in Resources */ = {isa = PBXBuildFile; fileRef = 8931F0F22677388600590569 /* TitleDetailMoreTableViewCell.xib */; };
		8931F0F626773A2300590569 /* SubtitleOrderViewController.swift in Sources */ = {isa = PBXBuildFile; fileRef = 8931F0F526773A2300590569 /* SubtitleOrderViewController.swift */; };
		8931F0F92677457100590569 /* EditableTableViewCell.swift in Sources */ = {isa = PBXBuildFile; fileRef = 8931F0F72677457100590569 /* EditableTableViewCell.swift */; };
		8931F0FA2677457100590569 /* EditableTableViewCell.xib in Resources */ = {isa = PBXBuildFile; fileRef = 8931F0F82677457100590569 /* EditableTableViewCell.xib */; };
		8931F166267CF34400590569 /* HomePageNavigationController.swift in Sources */ = {isa = PBXBuildFile; fileRef = 8931F165267CF34400590569 /* HomePageNavigationController.swift */; };
		8944E871263AF11A00EF00B1 /* SMBLoginHistoryViewController.swift in Sources */ = {isa = PBXBuildFile; fileRef = 8944E870263AF11A00EF00B1 /* SMBLoginHistoryViewController.swift */; };
		8944E876263AF48C00EF00B1 /* LinkHistoryTableViewCell.swift in Sources */ = {isa = PBXBuildFile; fileRef = 8944E874263AF48C00EF00B1 /* LinkHistoryTableViewCell.swift */; };
		8944E877263AF48C00EF00B1 /* LinkHistoryTableViewCell.xib in Resources */ = {isa = PBXBuildFile; fileRef = 8944E875263AF48C00EF00B1 /* LinkHistoryTableViewCell.xib */; };
		8944E879263AF6D200EF00B1 /* SMBConnectViewController.swift in Sources */ = {isa = PBXBuildFile; fileRef = 8944E878263AF6D200EF00B1 /* SMBConnectViewController.swift */; };
		8944E87B263AF72400EF00B1 /* TextField.swift in Sources */ = {isa = PBXBuildFile; fileRef = 8944E87A263AF72400EF00B1 /* TextField.swift */; };
		8944E87D263BD69800EF00B1 /* Button.swift in Sources */ = {isa = PBXBuildFile; fileRef = 8944E87C263BD69700EF00B1 /* Button.swift */; };
		8949F8912662AA2100274520 /* WebDavLoginHistoryViewController.swift in Sources */ = {isa = PBXBuildFile; fileRef = 8949F8902662AA2100274520 /* WebDavLoginHistoryViewController.swift */; };
		8949F8932662AA8E00274520 /* FTPLoginHistoryViewController.swift in Sources */ = {isa = PBXBuildFile; fileRef = 8949F8922662AA8E00274520 /* FTPLoginHistoryViewController.swift */; };
		897CF529262F309D00CC297A /* PlayerSettingViewController.swift in Sources */ = {isa = PBXBuildFile; fileRef = 897CF528262F309D00CC297A /* PlayerSettingViewController.swift */; };
		897CF52D262F30D200CC297A /* DanmakuSettingViewController.swift in Sources */ = {isa = PBXBuildFile; fileRef = 897CF52C262F30D200CC297A /* DanmakuSettingViewController.swift */; };
		897CF533262F317B00CC297A /* SliderTableViewCell.xib in Resources */ = {isa = PBXBuildFile; fileRef = 897CF531262F317B00CC297A /* SliderTableViewCell.xib */; };
		897F9B602822B2EA00130613 /* SnapshotView.swift in Sources */ = {isa = PBXBuildFile; fileRef = 897F9B5F2822B2EA00130613 /* SnapshotView.swift */; };
		89945FDD28C8E7C6009AC640 /* GotoLastWatchPointView.swift in Sources */ = {isa = PBXBuildFile; fileRef = 89945FDC28C8E7C6009AC640 /* GotoLastWatchPointView.swift */; };
		8994607628CC6CE1009AC640 /* HttpServer.swift in Sources */ = {isa = PBXBuildFile; fileRef = 8994607528CC6CE1009AC640 /* HttpServer.swift */; };
		8994613428CC783C009AC640 /* Constant.swift in Sources */ = {isa = PBXBuildFile; fileRef = 899460F328CC783C009AC640 /* Constant.swift */; };
		8994613528CC783C009AC640 /* WebDavFile.swift in Sources */ = {isa = PBXBuildFile; fileRef = 899460F628CC783C009AC640 /* WebDavFile.swift */; };
		8994613628CC783C009AC640 /* WebDAVInputStream.swift in Sources */ = {isa = PBXBuildFile; fileRef = 899460F728CC783C009AC640 /* WebDAVInputStream.swift */; };
		8994613728CC783C009AC640 /* File.swift in Sources */ = {isa = PBXBuildFile; fileRef = 899460F828CC783C009AC640 /* File.swift */; };
		8994613828CC783C009AC640 /* SMBFileManager.swift in Sources */ = {isa = PBXBuildFile; fileRef = 899460FA28CC783C009AC640 /* SMBFileManager.swift */; };
		8994613928CC783C009AC640 /* LocalFileManager.swift in Sources */ = {isa = PBXBuildFile; fileRef = 899460FB28CC783C009AC640 /* LocalFileManager.swift */; };
		8994613A28CC783C009AC640 /* FileManagerProtocol.swift in Sources */ = {isa = PBXBuildFile; fileRef = 899460FC28CC783C009AC640 /* FileManagerProtocol.swift */; };
		8994613B28CC783C009AC640 /* FTPFileManager.swift in Sources */ = {isa = PBXBuildFile; fileRef = 899460FD28CC783C009AC640 /* FTPFileManager.swift */; };
		8994613C28CC783C009AC640 /* WebDavFileManager.swift in Sources */ = {isa = PBXBuildFile; fileRef = 899460FF28CC783C009AC640 /* WebDavFileManager.swift */; };
		8994613D28CC783C009AC640 /* AFWebDAVManager.m in Sources */ = {isa = PBXBuildFile; fileRef = 8994610028CC783C009AC640 /* AFWebDAVManager.m */; };
		8994613E28CC783C009AC640 /* SMBFile.swift in Sources */ = {isa = PBXBuildFile; fileRef = 8994610228CC783C009AC640 /* SMBFile.swift */; };
		8994613F28CC783C009AC640 /* FTPFile.swift in Sources */ = {isa = PBXBuildFile; fileRef = 8994610328CC783C009AC640 /* FTPFile.swift */; };
		8994614028CC783C009AC640 /* LocalFile.swift in Sources */ = {isa = PBXBuildFile; fileRef = 8994610428CC783C009AC640 /* LocalFile.swift */; };
		8994614128CC783C009AC640 /* URL+Extension.swift in Sources */ = {isa = PBXBuildFile; fileRef = 8994610528CC783C009AC640 /* URL+Extension.swift */; };
		8994614228CC783C009AC640 /* MediaThumbnailer.swift in Sources */ = {isa = PBXBuildFile; fileRef = 8994610628CC783C009AC640 /* MediaThumbnailer.swift */; };
		8994614328CC783C009AC640 /* MediaPlayer.swift in Sources */ = {isa = PBXBuildFile; fileRef = 8994610728CC783C009AC640 /* MediaPlayer.swift */; };
		8994614428CC783C009AC640 /* Store.swift in Sources */ = {isa = PBXBuildFile; fileRef = 8994610928CC783C009AC640 /* Store.swift */; };
		8994614528CC783C009AC640 /* DanmakuManager.swift in Sources */ = {isa = PBXBuildFile; fileRef = 8994610A28CC783C009AC640 /* DanmakuManager.swift */; };
		8994614628CC783C009AC640 /* CacheManager.swift in Sources */ = {isa = PBXBuildFile; fileRef = 8994610B28CC783C009AC640 /* CacheManager.swift */; };
		8994614728CC783C009AC640 /* Preferences.swift in Sources */ = {isa = PBXBuildFile; fileRef = 8994610C28CC783C009AC640 /* Preferences.swift */; };
		8994614928CC783C009AC640 /* NetworkManager.swift in Sources */ = {isa = PBXBuildFile; fileRef = 8994610F28CC783C009AC640 /* NetworkManager.swift */; };
		8994614A28CC783C009AC640 /* Comment.swift in Sources */ = {isa = PBXBuildFile; fileRef = 8994611128CC783C009AC640 /* Comment.swift */; };
		8994614B28CC783C009AC640 /* Match.swift in Sources */ = {isa = PBXBuildFile; fileRef = 8994611228CC783C009AC640 /* Match.swift */; };
		8994614C28CC783C009AC640 /* Response.swift in Sources */ = {isa = PBXBuildFile; fileRef = 8994611328CC783C009AC640 /* Response.swift */; };
		8994614D28CC783C009AC640 /* Search.swift in Sources */ = {isa = PBXBuildFile; fileRef = 8994611428CC783C009AC640 /* Search.swift */; };
		8994614E28CC783C009AC640 /* NetworkConstant.swift in Sources */ = {isa = PBXBuildFile; fileRef = 8994611528CC783C009AC640 /* NetworkConstant.swift */; };
		8994614F28CC783C009AC640 /* SubtitleManager.swift in Sources */ = {isa = PBXBuildFile; fileRef = 8994611628CC783C009AC640 /* SubtitleManager.swift */; };
		8994615F28CC783C009AC640 /* DanmakuModel.swift in Sources */ = {isa = PBXBuildFile; fileRef = 8994612A28CC783C009AC640 /* DanmakuModel.swift */; };
		8994616028CC783C009AC640 /* BaseModel.swift in Sources */ = {isa = PBXBuildFile; fileRef = 8994612B28CC783C009AC640 /* BaseModel.swift */; };
		8994616128CC783C009AC640 /* Rational.swift in Sources */ = {isa = PBXBuildFile; fileRef = 8994612C28CC783C009AC640 /* Rational.swift */; };
		8994616228CC783C009AC640 /* Atomic.swift in Sources */ = {isa = PBXBuildFile; fileRef = 8994612D28CC783C009AC640 /* Atomic.swift */; };
		8994616328CC783C009AC640 /* PathUtils.swift in Sources */ = {isa = PBXBuildFile; fileRef = 8994613128CC783C009AC640 /* PathUtils.swift */; };
		8994616428CC783C009AC640 /* NSNetService+Utils.m in Sources */ = {isa = PBXBuildFile; fileRef = 8994613228CC783C009AC640 /* NSNetService+Utils.m */; };
		8994616528CC783C009AC640 /* HistoryManager.swift in Sources */ = {isa = PBXBuildFile; fileRef = 8994613328CC783C009AC640 /* HistoryManager.swift */; };
		899A11B12A18B703009B2953 /* AppInfoHelper.swift in Sources */ = {isa = PBXBuildFile; fileRef = 899A11B02A18B703009B2953 /* AppInfoHelper.swift */; };
		899A11BE2A18C0A5009B2953 /* TitleDetailOpertationTableViewCell.swift in Sources */ = {isa = PBXBuildFile; fileRef = 899A11BC2A18C0A5009B2953 /* TitleDetailOpertationTableViewCell.swift */; };
		899A11C12A18C0DC009B2953 /* TitleDetailOpertationTableViewCell.xib in Resources */ = {isa = PBXBuildFile; fileRef = 899A11C02A18C0DC009B2953 /* TitleDetailOpertationTableViewCell.xib */; };
		899A11C32A18C854009B2953 /* IPModel.swift in Sources */ = {isa = PBXBuildFile; fileRef = 899A11C22A18C854009B2953 /* IPModel.swift */; };
		899A9DDF262F35EB00C54AC9 /* SliderTableViewCell.swift in Sources */ = {isa = PBXBuildFile; fileRef = 897CF530262F317B00CC297A /* SliderTableViewCell.swift */; };
		899C4E97263BDDE600A17C83 /* LinkHistoryHeaderView.swift in Sources */ = {isa = PBXBuildFile; fileRef = 899C4E96263BDDE600A17C83 /* LinkHistoryHeaderView.swift */; };
		899E385D280B2F7A00285191 /* ProgressSlider.swift in Sources */ = {isa = PBXBuildFile; fileRef = 899E385C280B2F7A00285191 /* ProgressSlider.swift */; };
		89AAA20A29727DC0008CD8AD /* MPVPlayerWrapper.swift in Sources */ = {isa = PBXBuildFile; fileRef = 89AAA20929727DC0008CD8AD /* MPVPlayerWrapper.swift */; };
		89AAA20D2972F4E0008CD8AD /* ANXLogHelperModule+Utils.m in Sources */ = {isa = PBXBuildFile; fileRef = 89AAA20C2972F4E0008CD8AD /* ANXLogHelperModule+Utils.m */; };
		89AF9BFE2631C1740037A133 /* SwitchTableViewCell.swift in Sources */ = {isa = PBXBuildFile; fileRef = 89AF9BFC2631C1740037A133 /* SwitchTableViewCell.swift */; };
		89AF9BFF2631C1740037A133 /* SwitchTableViewCell.xib in Resources */ = {isa = PBXBuildFile; fileRef = 89AF9BFD2631C1740037A133 /* SwitchTableViewCell.xib */; };
		89AF9C032631C2680037A133 /* StepTableViewCell.swift in Sources */ = {isa = PBXBuildFile; fileRef = 89AF9C012631C2680037A133 /* StepTableViewCell.swift */; };
		89AF9C042631C2680037A133 /* StepTableViewCell.xib in Resources */ = {isa = PBXBuildFile; fileRef = 89AF9C022631C2680037A133 /* StepTableViewCell.xib */; };
		89AF9C072631D4B00037A133 /* MediaSettingViewController.swift in Sources */ = {isa = PBXBuildFile; fileRef = 89AF9C062631D4B00037A133 /* MediaSettingViewController.swift */; };
		89AF9C0B2631D7120037A133 /* SheetTableViewCell.swift in Sources */ = {isa = PBXBuildFile; fileRef = 89AF9C092631D7120037A133 /* SheetTableViewCell.swift */; };
		89AF9C0C2631D7120037A133 /* SheetTableViewCell.xib in Resources */ = {isa = PBXBuildFile; fileRef = 89AF9C0A2631D7120037A133 /* SheetTableViewCell.xib */; };
		89AF9C0F26343BE70037A133 /* AutoScrollLabel.swift in Sources */ = {isa = PBXBuildFile; fileRef = 89AF9C0E26343BE70037A133 /* AutoScrollLabel.swift */; };
		89B4B445272484FE00FB1BF5 /* SpeedUpView.swift in Sources */ = {isa = PBXBuildFile; fileRef = 89B4B444272484FE00FB1BF5 /* SpeedUpView.swift */; };
		89BFF04B2A06C0A00076C676 /* PCSubtitleModel.swift in Sources */ = {isa = PBXBuildFile; fileRef = 89BFF04A2A06C0A00076C676 /* PCSubtitleModel.swift */; };
		89C79B922A87D3AA0040FEDA /* Launcher.swift in Sources */ = {isa = PBXBuildFile; fileRef = 89C79B912A87D3AA0040FEDA /* Launcher.swift */; };
		89C79B942A881B200040FEDA /* DanmakuLoadUtil.swift in Sources */ = {isa = PBXBuildFile; fileRef = 89C79B932A881B200040FEDA /* DanmakuLoadUtil.swift */; };
		89E0D60E2669113400E2337B /* SettingViewController.swift in Sources */ = {isa = PBXBuildFile; fileRef = 89E0D60D2669113400E2337B /* SettingViewController.swift */; };
		89E0D6122669127B00E2337B /* SwitchDetailTableViewCell.swift in Sources */ = {isa = PBXBuildFile; fileRef = 89E0D6102669127A00E2337B /* SwitchDetailTableViewCell.swift */; };
		89E0D6132669127B00E2337B /* SwitchDetailTableViewCell.xib in Resources */ = {isa = PBXBuildFile; fileRef = 89E0D6112669127B00E2337B /* SwitchDetailTableViewCell.xib */; };
		89E0D6162669143400E2337B /* TitleDetailTableViewCell.swift in Sources */ = {isa = PBXBuildFile; fileRef = 89E0D6142669143400E2337B /* TitleDetailTableViewCell.swift */; };
		89E0D6172669143400E2337B /* TitleDetailTableViewCell.xib in Resources */ = {isa = PBXBuildFile; fileRef = 89E0D6152669143400E2337B /* TitleDetailTableViewCell.xib */; };
		89E0D710266B44BE00E2337B /* TitleTableViewCell.swift in Sources */ = {isa = PBXBuildFile; fileRef = 89E0D70E266B44BE00E2337B /* TitleTableViewCell.swift */; };
		89E0D711266B44BE00E2337B /* TitleTableViewCell.xib in Resources */ = {isa = PBXBuildFile; fileRef = 89E0D70F266B44BE00E2337B /* TitleTableViewCell.xib */; };
		89E0D827266BBA9400E2337B /* SceneDelegate.swift in Sources */ = {isa = PBXBuildFile; fileRef = 89E0D826266BBA9400E2337B /* SceneDelegate.swift */; };
		89E0D82A266BD4FC00E2337B /* PlayerUITopView.swift in Sources */ = {isa = PBXBuildFile; fileRef = 89E0D829266BD4FC00E2337B /* PlayerUITopView.swift */; };
		89E0D82C266BDB8600E2337B /* PlayerUIBottomView.swift in Sources */ = {isa = PBXBuildFile; fileRef = 89E0D82B266BDB8600E2337B /* PlayerUIBottomView.swift */; };
		89E109B426443F4F00825308 /* BaseLoginHistoryViewController.swift in Sources */ = {isa = PBXBuildFile; fileRef = 89E109B326443F4F00825308 /* BaseLoginHistoryViewController.swift */; };
		89E109B62644424800825308 /* BaseConnectSvrViewController.swift in Sources */ = {isa = PBXBuildFile; fileRef = 89E109B52644424800825308 /* BaseConnectSvrViewController.swift */; };
/* End PBXBuildFile section */

/* Begin PBXFileReference section */
		6620BF43605B5DDE3E8B15B6 /* Pods_AniXPlayer.framework */ = {isa = PBXFileReference; explicitFileType = wrapper.framework; includeInIndex = 0; path = Pods_AniXPlayer.framework; sourceTree = BUILT_PRODUCTS_DIR; };
		89044754290180110088886B /* VLCPlayerWrapper.swift */ = {isa = PBXFileReference; fileEncoding = 4; lastKnownFileType = sourcecode.swift; path = VLCPlayerWrapper.swift; sourceTree = "<group>"; };
		89044758290186B40088886B /* UIViewController+Helper.swift */ = {isa = PBXFileReference; lastKnownFileType = sourcecode.swift; path = "UIViewController+Helper.swift"; sourceTree = "<group>"; };
		8904475A290189CD0088886B /* GoogleService-Info.plist */ = {isa = PBXFileReference; fileEncoding = 4; lastKnownFileType = text.plist.xml; path = "GoogleService-Info.plist"; sourceTree = "<group>"; };
		890886C329FFE30A005EDBD6 /* PCFile.swift */ = {isa = PBXFileReference; lastKnownFileType = sourcecode.swift; path = PCFile.swift; sourceTree = "<group>"; };
		890886C529FFE33E005EDBD6 /* PCFileManager.swift */ = {isa = PBXFileReference; lastKnownFileType = sourcecode.swift; path = PCFileManager.swift; sourceTree = "<group>"; };
		890886C929FFE6D9005EDBD6 /* PCWelcomeModel.swift */ = {isa = PBXFileReference; lastKnownFileType = sourcecode.swift; path = PCWelcomeModel.swift; sourceTree = "<group>"; };
		890886CD2A010C6E005EDBD6 /* PCLibraryModel.swift */ = {isa = PBXFileReference; fileEncoding = 4; lastKnownFileType = sourcecode.swift; path = PCLibraryModel.swift; sourceTree = "<group>"; };
		890886CF2A0117CA005EDBD6 /* PCLoginHistoryViewController.swift */ = {isa = PBXFileReference; lastKnownFileType = sourcecode.swift; path = PCLoginHistoryViewController.swift; sourceTree = "<group>"; };
		890886D22A0118A4005EDBD6 /* JHQRCodeReader.h */ = {isa = PBXFileReference; fileEncoding = 4; lastKnownFileType = sourcecode.c.h; path = JHQRCodeReader.h; sourceTree = "<group>"; };
		890886D32A0118A4005EDBD6 /* JHQRCodeReader.m */ = {isa = PBXFileReference; fileEncoding = 4; lastKnownFileType = sourcecode.c.objc; path = JHQRCodeReader.m; sourceTree = "<group>"; };
		890886D82A011971005EDBD6 /* PCQRScannerViewController.swift */ = {isa = PBXFileReference; lastKnownFileType = sourcecode.swift; path = PCQRScannerViewController.swift; sourceTree = "<group>"; };
		890886DA2A011C8B005EDBD6 /* PCQRModel.swift */ = {isa = PBXFileReference; lastKnownFileType = sourcecode.swift; path = PCQRModel.swift; sourceTree = "<group>"; };
		890886DC2A01277B005EDBD6 /* PCConnectSvrViewController.swift */ = {isa = PBXFileReference; lastKnownFileType = sourcecode.swift; path = PCConnectSvrViewController.swift; sourceTree = "<group>"; };
		890DF6C926160826002D8AE5 /* AniXPlayer.app */ = {isa = PBXFileReference; explicitFileType = wrapper.application; includeInIndex = 0; path = AniXPlayer.app; sourceTree = BUILT_PRODUCTS_DIR; };
		890DF6CC26160826002D8AE5 /* AppDelegate.swift */ = {isa = PBXFileReference; lastKnownFileType = sourcecode.swift; path = AppDelegate.swift; sourceTree = "<group>"; };
		890DF6D326160826002D8AE5 /* Base */ = {isa = PBXFileReference; lastKnownFileType = file.storyboard; name = Base; path = Base.lproj/Main.storyboard; sourceTree = "<group>"; };
		890DF6D526160827002D8AE5 /* Assets.xcassets */ = {isa = PBXFileReference; lastKnownFileType = folder.assetcatalog; path = Assets.xcassets; sourceTree = "<group>"; };
		890DF6D826160827002D8AE5 /* Base */ = {isa = PBXFileReference; lastKnownFileType = file.storyboard; name = Base; path = Base.lproj/LaunchScreen.storyboard; sourceTree = "<group>"; };
		890DF6DA26160827002D8AE5 /* Info.plist */ = {isa = PBXFileReference; lastKnownFileType = text.plist.xml; path = Info.plist; sourceTree = "<group>"; };
		890DF6ED26160A25002D8AE5 /* RefreshText.plist */ = {isa = PBXFileReference; fileEncoding = 4; lastKnownFileType = text.plist.xml; path = RefreshText.plist; sourceTree = "<group>"; };
		890DF6F226160A36002D8AE5 /* Label.swift */ = {isa = PBXFileReference; fileEncoding = 4; lastKnownFileType = sourcecode.swift; path = Label.swift; sourceTree = "<group>"; };
		890DF6F326160A36002D8AE5 /* RefreshHeader.swift */ = {isa = PBXFileReference; fileEncoding = 4; lastKnownFileType = sourcecode.swift; path = RefreshHeader.swift; sourceTree = "<group>"; };
		890DF6F426160A36002D8AE5 /* TableViewCell.swift */ = {isa = PBXFileReference; fileEncoding = 4; lastKnownFileType = sourcecode.swift; path = TableViewCell.swift; sourceTree = "<group>"; };
		890DF6F526160A36002D8AE5 /* TableView.swift */ = {isa = PBXFileReference; fileEncoding = 4; lastKnownFileType = sourcecode.swift; path = TableView.swift; sourceTree = "<group>"; };
		890DF6F726160A36002D8AE5 /* ViewController.swift */ = {isa = PBXFileReference; fileEncoding = 4; lastKnownFileType = sourcecode.swift; path = ViewController.swift; sourceTree = "<group>"; };
		890DF6F826160A36002D8AE5 /* NavigationController.swift */ = {isa = PBXFileReference; fileEncoding = 4; lastKnownFileType = sourcecode.swift; path = NavigationController.swift; sourceTree = "<group>"; };
		890DF74926160B1B002D8AE5 /* UIFont+Helper.swift */ = {isa = PBXFileReference; fileEncoding = 4; lastKnownFileType = sourcecode.swift; path = "UIFont+Helper.swift"; sourceTree = "<group>"; };
		890DF74A26160B1B002D8AE5 /* UIColor+Helper.swift */ = {isa = PBXFileReference; fileEncoding = 4; lastKnownFileType = sourcecode.swift; path = "UIColor+Helper.swift"; sourceTree = "<group>"; };
		890DF74B26160B1B002D8AE5 /* UIView+Helper.swift */ = {isa = PBXFileReference; fileEncoding = 4; lastKnownFileType = sourcecode.swift; path = "UIView+Helper.swift"; sourceTree = "<group>"; };
		890DF74C26160B1B002D8AE5 /* UIDevice+Helper.swift */ = {isa = PBXFileReference; fileEncoding = 4; lastKnownFileType = sourcecode.swift; path = "UIDevice+Helper.swift"; sourceTree = "<group>"; };
		890DF74E26160B1B002D8AE5 /* UITableView+Extension.swift */ = {isa = PBXFileReference; fileEncoding = 4; lastKnownFileType = sourcecode.swift; path = "UITableView+Extension.swift"; sourceTree = "<group>"; };
		890DF75726160B3E002D8AE5 /* FileBrowserViewController.swift */ = {isa = PBXFileReference; fileEncoding = 4; lastKnownFileType = sourcecode.swift; path = FileBrowserViewController.swift; sourceTree = "<group>"; };
		890DF75A26160B3E002D8AE5 /* FolderTableViewCell.swift */ = {isa = PBXFileReference; fileEncoding = 4; lastKnownFileType = sourcecode.swift; path = FolderTableViewCell.swift; sourceTree = "<group>"; };
		890DF75B26160B3E002D8AE5 /* FileTableViewCell.swift */ = {isa = PBXFileReference; fileEncoding = 4; lastKnownFileType = sourcecode.swift; path = FileTableViewCell.swift; sourceTree = "<group>"; };
		890DF75D26160B3E002D8AE5 /* FolderTableViewCell.xib */ = {isa = PBXFileReference; fileEncoding = 4; lastKnownFileType = file.xib; path = FolderTableViewCell.xib; sourceTree = "<group>"; };
		890DF75F26160B3E002D8AE5 /* SendDanmakuViewController.swift */ = {isa = PBXFileReference; fileEncoding = 4; lastKnownFileType = sourcecode.swift; path = SendDanmakuViewController.swift; sourceTree = "<group>"; };
		890DF76126160B3E002D8AE5 /* PlayerViewController.swift */ = {isa = PBXFileReference; fileEncoding = 4; lastKnownFileType = sourcecode.swift; path = PlayerViewController.swift; sourceTree = "<group>"; };
		890DF76526160B3E002D8AE5 /* PlayerControlAnimater.swift */ = {isa = PBXFileReference; fileEncoding = 4; lastKnownFileType = sourcecode.swift; path = PlayerControlAnimater.swift; sourceTree = "<group>"; };
		890DF76826160B3E002D8AE5 /* PlayerUIView.swift */ = {isa = PBXFileReference; fileEncoding = 4; lastKnownFileType = sourcecode.swift; path = PlayerUIView.swift; sourceTree = "<group>"; };
		890DF76926160B3E002D8AE5 /* SliderControlView.swift */ = {isa = PBXFileReference; fileEncoding = 4; lastKnownFileType = sourcecode.swift; path = SliderControlView.swift; sourceTree = "<group>"; };
		890DF76A26160B3E002D8AE5 /* SevenSwitch.swift */ = {isa = PBXFileReference; fileEncoding = 4; lastKnownFileType = sourcecode.swift; path = SevenSwitch.swift; sourceTree = "<group>"; };
		890DF76C26160B3E002D8AE5 /* VolumeControlView.swift */ = {isa = PBXFileReference; fileEncoding = 4; lastKnownFileType = sourcecode.swift; path = VolumeControlView.swift; sourceTree = "<group>"; };
		890DF76D26160B3E002D8AE5 /* PlayerNavigationController.swift */ = {isa = PBXFileReference; fileEncoding = 4; lastKnownFileType = sourcecode.swift; path = PlayerNavigationController.swift; sourceTree = "<group>"; };
		890DF81B2616174C002D8AE5 /* HomePageViewController.swift */ = {isa = PBXFileReference; lastKnownFileType = sourcecode.swift; path = HomePageViewController.swift; sourceTree = "<group>"; };
		890DF821261617D0002D8AE5 /* PickFileTableViewCell.swift */ = {isa = PBXFileReference; lastKnownFileType = sourcecode.swift; path = PickFileTableViewCell.swift; sourceTree = "<group>"; };
		890DF822261617D0002D8AE5 /* PickFileTableViewCell.xib */ = {isa = PBXFileReference; lastKnownFileType = file.xib; path = PickFileTableViewCell.xib; sourceTree = "<group>"; };
		890DF85A26189533002D8AE5 /* Helper.swift */ = {isa = PBXFileReference; lastKnownFileType = sourcecode.swift; path = Helper.swift; sourceTree = "<group>"; };
		890DF85E26189CDF002D8AE5 /* MatchsViewController.swift */ = {isa = PBXFileReference; lastKnownFileType = sourcecode.swift; path = MatchsViewController.swift; sourceTree = "<group>"; };
		890DF86326189D26002D8AE5 /* EpisodeTableViewCell.swift */ = {isa = PBXFileReference; lastKnownFileType = sourcecode.swift; path = EpisodeTableViewCell.swift; sourceTree = "<group>"; };
		890DF86A2618A406002D8AE5 /* MatchItem.swift */ = {isa = PBXFileReference; lastKnownFileType = sourcecode.swift; path = MatchItem.swift; sourceTree = "<group>"; };
		890DF86E2618B922002D8AE5 /* AnimatesTableViewCell.swift */ = {isa = PBXFileReference; lastKnownFileType = sourcecode.swift; path = AnimatesTableViewCell.swift; sourceTree = "<group>"; };
		8914481B261F510700E26133 /* SearchViewController.swift */ = {isa = PBXFileReference; lastKnownFileType = sourcecode.swift; path = SearchViewController.swift; sourceTree = "<group>"; };
		8931F0E42674CA6A00590569 /* UIBarButtonItem+Helper.swift */ = {isa = PBXFileReference; lastKnownFileType = sourcecode.swift; path = "UIBarButtonItem+Helper.swift"; sourceTree = "<group>"; };
		8931F0EA2674CD3300590569 /* HttpServerViewController.swift */ = {isa = PBXFileReference; lastKnownFileType = sourcecode.swift; path = HttpServerViewController.swift; sourceTree = "<group>"; };
		8931F0EC26750D6500590569 /* UIView+HitTest.h */ = {isa = PBXFileReference; lastKnownFileType = sourcecode.c.h; path = "UIView+HitTest.h"; sourceTree = "<group>"; };
		8931F0ED26750D6500590569 /* UIView+HitTest.m */ = {isa = PBXFileReference; lastKnownFileType = sourcecode.c.objc; path = "UIView+HitTest.m"; sourceTree = "<group>"; };
		8931F0EF2677320200590569 /* LocalFilesViewController.swift */ = {isa = PBXFileReference; lastKnownFileType = sourcecode.swift; path = LocalFilesViewController.swift; sourceTree = "<group>"; };
		8931F0F12677388600590569 /* TitleDetailMoreTableViewCell.swift */ = {isa = PBXFileReference; lastKnownFileType = sourcecode.swift; path = TitleDetailMoreTableViewCell.swift; sourceTree = "<group>"; };
		8931F0F22677388600590569 /* TitleDetailMoreTableViewCell.xib */ = {isa = PBXFileReference; lastKnownFileType = file.xib; path = TitleDetailMoreTableViewCell.xib; sourceTree = "<group>"; };
		8931F0F526773A2300590569 /* SubtitleOrderViewController.swift */ = {isa = PBXFileReference; lastKnownFileType = sourcecode.swift; path = SubtitleOrderViewController.swift; sourceTree = "<group>"; };
		8931F0F72677457100590569 /* EditableTableViewCell.swift */ = {isa = PBXFileReference; lastKnownFileType = sourcecode.swift; path = EditableTableViewCell.swift; sourceTree = "<group>"; };
		8931F0F82677457100590569 /* EditableTableViewCell.xib */ = {isa = PBXFileReference; lastKnownFileType = file.xib; path = EditableTableViewCell.xib; sourceTree = "<group>"; };
		8931F12D2678FD1400590569 /* zh-Hans */ = {isa = PBXFileReference; lastKnownFileType = text.plist.strings; name = "zh-Hans"; path = "zh-Hans.lproj/Main.strings"; sourceTree = "<group>"; };
		8931F12E2678FD1500590569 /* zh-Hans */ = {isa = PBXFileReference; lastKnownFileType = text.plist.strings; name = "zh-Hans"; path = "zh-Hans.lproj/LaunchScreen.strings"; sourceTree = "<group>"; };
		8931F165267CF34400590569 /* HomePageNavigationController.swift */ = {isa = PBXFileReference; lastKnownFileType = sourcecode.swift; path = HomePageNavigationController.swift; sourceTree = "<group>"; };
		8944E870263AF11A00EF00B1 /* SMBLoginHistoryViewController.swift */ = {isa = PBXFileReference; lastKnownFileType = sourcecode.swift; path = SMBLoginHistoryViewController.swift; sourceTree = "<group>"; };
		8944E874263AF48C00EF00B1 /* LinkHistoryTableViewCell.swift */ = {isa = PBXFileReference; lastKnownFileType = sourcecode.swift; path = LinkHistoryTableViewCell.swift; sourceTree = "<group>"; };
		8944E875263AF48C00EF00B1 /* LinkHistoryTableViewCell.xib */ = {isa = PBXFileReference; lastKnownFileType = file.xib; path = LinkHistoryTableViewCell.xib; sourceTree = "<group>"; };
		8944E878263AF6D200EF00B1 /* SMBConnectViewController.swift */ = {isa = PBXFileReference; lastKnownFileType = sourcecode.swift; path = SMBConnectViewController.swift; sourceTree = "<group>"; };
		8944E87A263AF72400EF00B1 /* TextField.swift */ = {isa = PBXFileReference; lastKnownFileType = sourcecode.swift; path = TextField.swift; sourceTree = "<group>"; };
		8944E87C263BD69700EF00B1 /* Button.swift */ = {isa = PBXFileReference; lastKnownFileType = sourcecode.swift; path = Button.swift; sourceTree = "<group>"; };
		8949F8902662AA2100274520 /* WebDavLoginHistoryViewController.swift */ = {isa = PBXFileReference; lastKnownFileType = sourcecode.swift; path = WebDavLoginHistoryViewController.swift; sourceTree = "<group>"; };
		8949F8922662AA8E00274520 /* FTPLoginHistoryViewController.swift */ = {isa = PBXFileReference; lastKnownFileType = sourcecode.swift; path = FTPLoginHistoryViewController.swift; sourceTree = "<group>"; };
		897CF528262F309D00CC297A /* PlayerSettingViewController.swift */ = {isa = PBXFileReference; lastKnownFileType = sourcecode.swift; path = PlayerSettingViewController.swift; sourceTree = "<group>"; };
		897CF52C262F30D200CC297A /* DanmakuSettingViewController.swift */ = {isa = PBXFileReference; lastKnownFileType = sourcecode.swift; path = DanmakuSettingViewController.swift; sourceTree = "<group>"; };
		897CF530262F317B00CC297A /* SliderTableViewCell.swift */ = {isa = PBXFileReference; lastKnownFileType = sourcecode.swift; path = SliderTableViewCell.swift; sourceTree = "<group>"; };
		897CF531262F317B00CC297A /* SliderTableViewCell.xib */ = {isa = PBXFileReference; lastKnownFileType = file.xib; path = SliderTableViewCell.xib; sourceTree = "<group>"; };
		897F9B5F2822B2EA00130613 /* SnapshotView.swift */ = {isa = PBXFileReference; lastKnownFileType = sourcecode.swift; path = SnapshotView.swift; sourceTree = "<group>"; };
		89945FDC28C8E7C6009AC640 /* GotoLastWatchPointView.swift */ = {isa = PBXFileReference; lastKnownFileType = sourcecode.swift; path = GotoLastWatchPointView.swift; sourceTree = "<group>"; };
		8994607528CC6CE1009AC640 /* HttpServer.swift */ = {isa = PBXFileReference; fileEncoding = 4; lastKnownFileType = sourcecode.swift; path = HttpServer.swift; sourceTree = "<group>"; };
		899460F328CC783C009AC640 /* Constant.swift */ = {isa = PBXFileReference; fileEncoding = 4; lastKnownFileType = sourcecode.swift; path = Constant.swift; sourceTree = "<group>"; };
		899460F628CC783C009AC640 /* WebDavFile.swift */ = {isa = PBXFileReference; fileEncoding = 4; lastKnownFileType = sourcecode.swift; path = WebDavFile.swift; sourceTree = "<group>"; };
		899460F728CC783C009AC640 /* WebDAVInputStream.swift */ = {isa = PBXFileReference; fileEncoding = 4; lastKnownFileType = sourcecode.swift; path = WebDAVInputStream.swift; sourceTree = "<group>"; };
		899460F828CC783C009AC640 /* File.swift */ = {isa = PBXFileReference; fileEncoding = 4; lastKnownFileType = sourcecode.swift; path = File.swift; sourceTree = "<group>"; };
		899460FA28CC783C009AC640 /* SMBFileManager.swift */ = {isa = PBXFileReference; fileEncoding = 4; lastKnownFileType = sourcecode.swift; path = SMBFileManager.swift; sourceTree = "<group>"; };
		899460FB28CC783C009AC640 /* LocalFileManager.swift */ = {isa = PBXFileReference; fileEncoding = 4; lastKnownFileType = sourcecode.swift; path = LocalFileManager.swift; sourceTree = "<group>"; };
		899460FC28CC783C009AC640 /* FileManagerProtocol.swift */ = {isa = PBXFileReference; fileEncoding = 4; lastKnownFileType = sourcecode.swift; path = FileManagerProtocol.swift; sourceTree = "<group>"; };
		899460FD28CC783C009AC640 /* FTPFileManager.swift */ = {isa = PBXFileReference; fileEncoding = 4; lastKnownFileType = sourcecode.swift; path = FTPFileManager.swift; sourceTree = "<group>"; };
		899460FF28CC783C009AC640 /* WebDavFileManager.swift */ = {isa = PBXFileReference; fileEncoding = 4; lastKnownFileType = sourcecode.swift; path = WebDavFileManager.swift; sourceTree = "<group>"; };
		8994610028CC783C009AC640 /* AFWebDAVManager.m */ = {isa = PBXFileReference; fileEncoding = 4; lastKnownFileType = sourcecode.c.objc; path = AFWebDAVManager.m; sourceTree = "<group>"; };
		8994610128CC783C009AC640 /* AFWebDAVManager.h */ = {isa = PBXFileReference; fileEncoding = 4; lastKnownFileType = sourcecode.c.h; path = AFWebDAVManager.h; sourceTree = "<group>"; };
		8994610228CC783C009AC640 /* SMBFile.swift */ = {isa = PBXFileReference; fileEncoding = 4; lastKnownFileType = sourcecode.swift; path = SMBFile.swift; sourceTree = "<group>"; };
		8994610328CC783C009AC640 /* FTPFile.swift */ = {isa = PBXFileReference; fileEncoding = 4; lastKnownFileType = sourcecode.swift; path = FTPFile.swift; sourceTree = "<group>"; };
		8994610428CC783C009AC640 /* LocalFile.swift */ = {isa = PBXFileReference; fileEncoding = 4; lastKnownFileType = sourcecode.swift; path = LocalFile.swift; sourceTree = "<group>"; };
		8994610528CC783C009AC640 /* URL+Extension.swift */ = {isa = PBXFileReference; fileEncoding = 4; lastKnownFileType = sourcecode.swift; path = "URL+Extension.swift"; sourceTree = "<group>"; };
		8994610628CC783C009AC640 /* MediaThumbnailer.swift */ = {isa = PBXFileReference; fileEncoding = 4; lastKnownFileType = sourcecode.swift; path = MediaThumbnailer.swift; sourceTree = "<group>"; };
		8994610728CC783C009AC640 /* MediaPlayer.swift */ = {isa = PBXFileReference; fileEncoding = 4; lastKnownFileType = sourcecode.swift; path = MediaPlayer.swift; sourceTree = "<group>"; };
		8994610928CC783C009AC640 /* Store.swift */ = {isa = PBXFileReference; fileEncoding = 4; lastKnownFileType = sourcecode.swift; path = Store.swift; sourceTree = "<group>"; };
		8994610A28CC783C009AC640 /* DanmakuManager.swift */ = {isa = PBXFileReference; fileEncoding = 4; lastKnownFileType = sourcecode.swift; path = DanmakuManager.swift; sourceTree = "<group>"; };
		8994610B28CC783C009AC640 /* CacheManager.swift */ = {isa = PBXFileReference; fileEncoding = 4; lastKnownFileType = sourcecode.swift; path = CacheManager.swift; sourceTree = "<group>"; };
		8994610C28CC783C009AC640 /* Preferences.swift */ = {isa = PBXFileReference; fileEncoding = 4; lastKnownFileType = sourcecode.swift; path = Preferences.swift; sourceTree = "<group>"; };
		8994610F28CC783C009AC640 /* NetworkManager.swift */ = {isa = PBXFileReference; fileEncoding = 4; lastKnownFileType = sourcecode.swift; path = NetworkManager.swift; sourceTree = "<group>"; };
		8994611128CC783C009AC640 /* Comment.swift */ = {isa = PBXFileReference; fileEncoding = 4; lastKnownFileType = sourcecode.swift; path = Comment.swift; sourceTree = "<group>"; };
		8994611228CC783C009AC640 /* Match.swift */ = {isa = PBXFileReference; fileEncoding = 4; lastKnownFileType = sourcecode.swift; path = Match.swift; sourceTree = "<group>"; };
		8994611328CC783C009AC640 /* Response.swift */ = {isa = PBXFileReference; fileEncoding = 4; lastKnownFileType = sourcecode.swift; path = Response.swift; sourceTree = "<group>"; };
		8994611428CC783C009AC640 /* Search.swift */ = {isa = PBXFileReference; fileEncoding = 4; lastKnownFileType = sourcecode.swift; path = Search.swift; sourceTree = "<group>"; };
		8994611528CC783C009AC640 /* NetworkConstant.swift */ = {isa = PBXFileReference; fileEncoding = 4; lastKnownFileType = sourcecode.swift; path = NetworkConstant.swift; sourceTree = "<group>"; };
		8994611628CC783C009AC640 /* SubtitleManager.swift */ = {isa = PBXFileReference; fileEncoding = 4; lastKnownFileType = sourcecode.swift; path = SubtitleManager.swift; sourceTree = "<group>"; };
		8994612A28CC783C009AC640 /* DanmakuModel.swift */ = {isa = PBXFileReference; fileEncoding = 4; lastKnownFileType = sourcecode.swift; path = DanmakuModel.swift; sourceTree = "<group>"; };
		8994612B28CC783C009AC640 /* BaseModel.swift */ = {isa = PBXFileReference; fileEncoding = 4; lastKnownFileType = sourcecode.swift; path = BaseModel.swift; sourceTree = "<group>"; };
		8994612C28CC783C009AC640 /* Rational.swift */ = {isa = PBXFileReference; fileEncoding = 4; lastKnownFileType = sourcecode.swift; path = Rational.swift; sourceTree = "<group>"; };
		8994612D28CC783C009AC640 /* Atomic.swift */ = {isa = PBXFileReference; fileEncoding = 4; lastKnownFileType = sourcecode.swift; path = Atomic.swift; sourceTree = "<group>"; };
		8994613028CC783C009AC640 /* NSNetService+Utils.h */ = {isa = PBXFileReference; fileEncoding = 4; lastKnownFileType = sourcecode.c.h; path = "NSNetService+Utils.h"; sourceTree = "<group>"; };
		8994613128CC783C009AC640 /* PathUtils.swift */ = {isa = PBXFileReference; fileEncoding = 4; lastKnownFileType = sourcecode.swift; path = PathUtils.swift; sourceTree = "<group>"; };
		8994613228CC783C009AC640 /* NSNetService+Utils.m */ = {isa = PBXFileReference; fileEncoding = 4; lastKnownFileType = sourcecode.c.objc; path = "NSNetService+Utils.m"; sourceTree = "<group>"; };
		8994613328CC783C009AC640 /* HistoryManager.swift */ = {isa = PBXFileReference; fileEncoding = 4; lastKnownFileType = sourcecode.swift; path = HistoryManager.swift; sourceTree = "<group>"; };
		899A11B02A18B703009B2953 /* AppInfoHelper.swift */ = {isa = PBXFileReference; lastKnownFileType = sourcecode.swift; path = AppInfoHelper.swift; sourceTree = "<group>"; };
		899A11B42A18BE18009B2953 /* Foundation.framework */ = {isa = PBXFileReference; lastKnownFileType = wrapper.framework; name = Foundation.framework; path = System/Library/Frameworks/Foundation.framework; sourceTree = SDKROOT; };
		899A11B62A18BE1E009B2953 /* SystemConfiguration.framework */ = {isa = PBXFileReference; lastKnownFileType = wrapper.framework; name = SystemConfiguration.framework; path = System/Library/Frameworks/SystemConfiguration.framework; sourceTree = SDKROOT; };
		899A11B82A18BE24009B2953 /* CoreFoundation.framework */ = {isa = PBXFileReference; lastKnownFileType = wrapper.framework; name = CoreFoundation.framework; path = System/Library/Frameworks/CoreFoundation.framework; sourceTree = SDKROOT; };
		899A11BA2A18BE2C009B2953 /* CoreTelephony.framework */ = {isa = PBXFileReference; lastKnownFileType = wrapper.framework; name = CoreTelephony.framework; path = System/Library/Frameworks/CoreTelephony.framework; sourceTree = SDKROOT; };
		899A11BC2A18C0A5009B2953 /* TitleDetailOpertationTableViewCell.swift */ = {isa = PBXFileReference; lastKnownFileType = sourcecode.swift; path = TitleDetailOpertationTableViewCell.swift; sourceTree = "<group>"; };
		899A11C02A18C0DC009B2953 /* TitleDetailOpertationTableViewCell.xib */ = {isa = PBXFileReference; fileEncoding = 4; lastKnownFileType = file.xib; path = TitleDetailOpertationTableViewCell.xib; sourceTree = "<group>"; };
		899A11C22A18C854009B2953 /* IPModel.swift */ = {isa = PBXFileReference; lastKnownFileType = sourcecode.swift; path = IPModel.swift; sourceTree = "<group>"; };
		899C4E96263BDDE600A17C83 /* LinkHistoryHeaderView.swift */ = {isa = PBXFileReference; lastKnownFileType = sourcecode.swift; path = LinkHistoryHeaderView.swift; sourceTree = "<group>"; };
		899C4E9C263CF88600A17C83 /* AniXPlayer-Bridging-Header.h */ = {isa = PBXFileReference; lastKnownFileType = sourcecode.c.h; path = "AniXPlayer-Bridging-Header.h"; sourceTree = "<group>"; };
		899E385C280B2F7A00285191 /* ProgressSlider.swift */ = {isa = PBXFileReference; lastKnownFileType = sourcecode.swift; path = ProgressSlider.swift; sourceTree = "<group>"; };
		89AAA20929727DC0008CD8AD /* MPVPlayerWrapper.swift */ = {isa = PBXFileReference; fileEncoding = 4; lastKnownFileType = sourcecode.swift; path = MPVPlayerWrapper.swift; sourceTree = "<group>"; };
		89AAA20B2972F4E0008CD8AD /* ANXLogHelperModule+Utils.h */ = {isa = PBXFileReference; lastKnownFileType = sourcecode.c.h; path = "ANXLogHelperModule+Utils.h"; sourceTree = "<group>"; };
		89AAA20C2972F4E0008CD8AD /* ANXLogHelperModule+Utils.m */ = {isa = PBXFileReference; lastKnownFileType = sourcecode.c.objc; path = "ANXLogHelperModule+Utils.m"; sourceTree = "<group>"; };
		89AF9BFC2631C1740037A133 /* SwitchTableViewCell.swift */ = {isa = PBXFileReference; lastKnownFileType = sourcecode.swift; path = SwitchTableViewCell.swift; sourceTree = "<group>"; };
		89AF9BFD2631C1740037A133 /* SwitchTableViewCell.xib */ = {isa = PBXFileReference; lastKnownFileType = file.xib; path = SwitchTableViewCell.xib; sourceTree = "<group>"; };
		89AF9C012631C2680037A133 /* StepTableViewCell.swift */ = {isa = PBXFileReference; lastKnownFileType = sourcecode.swift; path = StepTableViewCell.swift; sourceTree = "<group>"; };
		89AF9C022631C2680037A133 /* StepTableViewCell.xib */ = {isa = PBXFileReference; lastKnownFileType = file.xib; path = StepTableViewCell.xib; sourceTree = "<group>"; };
		89AF9C062631D4B00037A133 /* MediaSettingViewController.swift */ = {isa = PBXFileReference; lastKnownFileType = sourcecode.swift; path = MediaSettingViewController.swift; sourceTree = "<group>"; };
		89AF9C092631D7120037A133 /* SheetTableViewCell.swift */ = {isa = PBXFileReference; lastKnownFileType = sourcecode.swift; path = SheetTableViewCell.swift; sourceTree = "<group>"; };
		89AF9C0A2631D7120037A133 /* SheetTableViewCell.xib */ = {isa = PBXFileReference; lastKnownFileType = file.xib; path = SheetTableViewCell.xib; sourceTree = "<group>"; };
		89AF9C0E26343BE70037A133 /* AutoScrollLabel.swift */ = {isa = PBXFileReference; lastKnownFileType = sourcecode.swift; path = AutoScrollLabel.swift; sourceTree = "<group>"; };
		89B4B444272484FE00FB1BF5 /* SpeedUpView.swift */ = {isa = PBXFileReference; lastKnownFileType = sourcecode.swift; path = SpeedUpView.swift; sourceTree = "<group>"; };
		89BFF04A2A06C0A00076C676 /* PCSubtitleModel.swift */ = {isa = PBXFileReference; lastKnownFileType = sourcecode.swift; path = PCSubtitleModel.swift; sourceTree = "<group>"; };
		89C79B912A87D3AA0040FEDA /* Launcher.swift */ = {isa = PBXFileReference; lastKnownFileType = sourcecode.swift; path = Launcher.swift; sourceTree = "<group>"; };
		89C79B932A881B200040FEDA /* DanmakuLoadUtil.swift */ = {isa = PBXFileReference; lastKnownFileType = sourcecode.swift; path = DanmakuLoadUtil.swift; sourceTree = "<group>"; };
		89E0D60D2669113400E2337B /* SettingViewController.swift */ = {isa = PBXFileReference; lastKnownFileType = sourcecode.swift; path = SettingViewController.swift; sourceTree = "<group>"; };
		89E0D6102669127A00E2337B /* SwitchDetailTableViewCell.swift */ = {isa = PBXFileReference; lastKnownFileType = sourcecode.swift; path = SwitchDetailTableViewCell.swift; sourceTree = "<group>"; };
		89E0D6112669127B00E2337B /* SwitchDetailTableViewCell.xib */ = {isa = PBXFileReference; lastKnownFileType = file.xib; path = SwitchDetailTableViewCell.xib; sourceTree = "<group>"; };
		89E0D6142669143400E2337B /* TitleDetailTableViewCell.swift */ = {isa = PBXFileReference; lastKnownFileType = sourcecode.swift; path = TitleDetailTableViewCell.swift; sourceTree = "<group>"; };
		89E0D6152669143400E2337B /* TitleDetailTableViewCell.xib */ = {isa = PBXFileReference; lastKnownFileType = file.xib; path = TitleDetailTableViewCell.xib; sourceTree = "<group>"; };
		89E0D70E266B44BE00E2337B /* TitleTableViewCell.swift */ = {isa = PBXFileReference; lastKnownFileType = sourcecode.swift; path = TitleTableViewCell.swift; sourceTree = "<group>"; };
		89E0D70F266B44BE00E2337B /* TitleTableViewCell.xib */ = {isa = PBXFileReference; lastKnownFileType = file.xib; path = TitleTableViewCell.xib; sourceTree = "<group>"; };
		89E0D826266BBA9400E2337B /* SceneDelegate.swift */ = {isa = PBXFileReference; fileEncoding = 4; lastKnownFileType = sourcecode.swift; path = SceneDelegate.swift; sourceTree = "<group>"; };
		89E0D829266BD4FC00E2337B /* PlayerUITopView.swift */ = {isa = PBXFileReference; lastKnownFileType = sourcecode.swift; path = PlayerUITopView.swift; sourceTree = "<group>"; };
		89E0D82B266BDB8600E2337B /* PlayerUIBottomView.swift */ = {isa = PBXFileReference; lastKnownFileType = sourcecode.swift; path = PlayerUIBottomView.swift; sourceTree = "<group>"; };
		89E109B326443F4F00825308 /* BaseLoginHistoryViewController.swift */ = {isa = PBXFileReference; lastKnownFileType = sourcecode.swift; path = BaseLoginHistoryViewController.swift; sourceTree = "<group>"; };
		89E109B52644424800825308 /* BaseConnectSvrViewController.swift */ = {isa = PBXFileReference; lastKnownFileType = sourcecode.swift; path = BaseConnectSvrViewController.swift; sourceTree = "<group>"; };
		CF2D5334A2A53D20F8B80E22 /* Pods-AniXPlayer.release.xcconfig */ = {isa = PBXFileReference; includeInIndex = 1; lastKnownFileType = text.xcconfig; name = "Pods-AniXPlayer.release.xcconfig"; path = "Target Support Files/Pods-AniXPlayer/Pods-AniXPlayer.release.xcconfig"; sourceTree = "<group>"; };
		F410B8A741526DF765820021 /* Pods-AniXPlayer.debug.xcconfig */ = {isa = PBXFileReference; includeInIndex = 1; lastKnownFileType = text.xcconfig; name = "Pods-AniXPlayer.debug.xcconfig"; path = "Target Support Files/Pods-AniXPlayer/Pods-AniXPlayer.debug.xcconfig"; sourceTree = "<group>"; };
/* End PBXFileReference section */

/* Begin PBXFrameworksBuildPhase section */
		890DF6C626160826002D8AE5 /* Frameworks */ = {
			isa = PBXFrameworksBuildPhase;
			buildActionMask = 2147483647;
			files = (
				6F969714544C3EBD7E920F21 /* Pods_AniXPlayer.framework in Frameworks */,
			);
			runOnlyForDeploymentPostprocessing = 0;
		};
/* End PBXFrameworksBuildPhase section */

/* Begin PBXGroup section */
		7E78693FEB4DDA048C2F9DDB /* Pods */ = {
			isa = PBXGroup;
			children = (
				F410B8A741526DF765820021 /* Pods-AniXPlayer.debug.xcconfig */,
				CF2D5334A2A53D20F8B80E22 /* Pods-AniXPlayer.release.xcconfig */,
			);
			path = Pods;
			sourceTree = "<group>";
		};
		89044753290180110088886B /* Wrapper */ = {
			isa = PBXGroup;
			children = (
				89AAA20929727DC0008CD8AD /* MPVPlayerWrapper.swift */,
				89044754290180110088886B /* VLCPlayerWrapper.swift */,
			);
			path = Wrapper;
			sourceTree = "<group>";
		};
		890886C229FFE2E4005EDBD6 /* PC */ = {
			isa = PBXGroup;
			children = (
				890886CF2A0117CA005EDBD6 /* PCLoginHistoryViewController.swift */,
				890886D82A011971005EDBD6 /* PCQRScannerViewController.swift */,
				890886DC2A01277B005EDBD6 /* PCConnectSvrViewController.swift */,
			);
			path = PC;
			sourceTree = "<group>";
		};
		890886C729FFE688005EDBD6 /* PC */ = {
			isa = PBXGroup;
			children = (
				890886C829FFE6A7005EDBD6 /* Model */,
				890886C529FFE33E005EDBD6 /* PCFileManager.swift */,
			);
			path = PC;
			sourceTree = "<group>";
		};
		890886C829FFE6A7005EDBD6 /* Model */ = {
			isa = PBXGroup;
			children = (
				890886CD2A010C6E005EDBD6 /* PCLibraryModel.swift */,
				890886C929FFE6D9005EDBD6 /* PCWelcomeModel.swift */,
				890886DA2A011C8B005EDBD6 /* PCQRModel.swift */,
				89BFF04A2A06C0A00076C676 /* PCSubtitleModel.swift */,
			);
			path = Model;
			sourceTree = "<group>";
		};
		890886D12A0118A4005EDBD6 /* JHQRCodeReader */ = {
			isa = PBXGroup;
			children = (
				890886D22A0118A4005EDBD6 /* JHQRCodeReader.h */,
				890886D32A0118A4005EDBD6 /* JHQRCodeReader.m */,
			);
			path = JHQRCodeReader;
			sourceTree = "<group>";
		};
		890DF6C026160826002D8AE5 = {
			isa = PBXGroup;
			children = (
				890DF6CB26160826002D8AE5 /* AniXPlayer */,
				890DF6CA26160826002D8AE5 /* Products */,
				7E78693FEB4DDA048C2F9DDB /* Pods */,
				A36E3F8730C441A1F2AC3DAF /* Frameworks */,
			);
			sourceTree = "<group>";
		};
		890DF6CA26160826002D8AE5 /* Products */ = {
			isa = PBXGroup;
			children = (
				890DF6C926160826002D8AE5 /* AniXPlayer.app */,
			);
			name = Products;
			sourceTree = "<group>";
		};
		890DF6CB26160826002D8AE5 /* AniXPlayer */ = {
			isa = PBXGroup;
			children = (
				899C4E9C263CF88600A17C83 /* AniXPlayer-Bridging-Header.h */,
				899460F228CC783C009AC640 /* CocoaShare */,
				8994607328CC6CE1009AC640 /* Vendor */,
				890DF850261859A8002D8AE5 /* Helper */,
				890DF6EC26160A1A002D8AE5 /* Resource */,
				890DF6E8261609B5002D8AE5 /* ViewController */,
				890DF6CC26160826002D8AE5 /* AppDelegate.swift */,
				89E0D826266BBA9400E2337B /* SceneDelegate.swift */,
				890DF6D226160826002D8AE5 /* Main.storyboard */,
				890DF6D526160827002D8AE5 /* Assets.xcassets */,
				890DF6D726160827002D8AE5 /* LaunchScreen.storyboard */,
				890DF6DA26160827002D8AE5 /* Info.plist */,
			);
			path = AniXPlayer;
			sourceTree = "<group>";
		};
		890DF6E8261609B5002D8AE5 /* ViewController */ = {
			isa = PBXGroup;
			children = (
				89E0D60C2669111500E2337B /* SettingViewController */,
				8914481A261F50EF00E26133 /* SearchViewController */,
				890DF85D26189CB8002D8AE5 /* MatchViewController */,
				890DF81E2616175B002D8AE5 /* Main */,
				890DF75626160B3E002D8AE5 /* FilesViewController */,
				890DF75E26160B3E002D8AE5 /* PlayerViewController */,
				890DF6F026160A36002D8AE5 /* Base */,
			);
			path = ViewController;
			sourceTree = "<group>";
		};
		890DF6EC26160A1A002D8AE5 /* Resource */ = {
			isa = PBXGroup;
			children = (
				8904475A290189CD0088886B /* GoogleService-Info.plist */,
				890DF6ED26160A25002D8AE5 /* RefreshText.plist */,
			);
			path = Resource;
			sourceTree = "<group>";
		};
		890DF6F026160A36002D8AE5 /* Base */ = {
			isa = PBXGroup;
			children = (
				890DF6F126160A36002D8AE5 /* View */,
				890DF6F626160A36002D8AE5 /* ViewController */,
			);
			path = Base;
			sourceTree = "<group>";
		};
		890DF6F126160A36002D8AE5 /* View */ = {
			isa = PBXGroup;
			children = (
				890DF6F226160A36002D8AE5 /* Label.swift */,
				890DF6F326160A36002D8AE5 /* RefreshHeader.swift */,
				890DF6F426160A36002D8AE5 /* TableViewCell.swift */,
				890DF6F526160A36002D8AE5 /* TableView.swift */,
				8944E87A263AF72400EF00B1 /* TextField.swift */,
				8944E87C263BD69700EF00B1 /* Button.swift */,
			);
			path = View;
			sourceTree = "<group>";
		};
		890DF6F626160A36002D8AE5 /* ViewController */ = {
			isa = PBXGroup;
			children = (
				890DF6F726160A36002D8AE5 /* ViewController.swift */,
				890DF6F826160A36002D8AE5 /* NavigationController.swift */,
			);
			path = ViewController;
			sourceTree = "<group>";
		};
		890DF75626160B3E002D8AE5 /* FilesViewController */ = {
			isa = PBXGroup;
			children = (
				890DF75726160B3E002D8AE5 /* FileBrowserViewController.swift */,
				890886C229FFE2E4005EDBD6 /* PC */,
				8931F0E92674CCD800590569 /* WebDAV */,
				8931F0E82674CCD100590569 /* SMB */,
				8931F0E72674CCCA00590569 /* FTP */,
				8931F0E62674CCC100590569 /* 本地文件 */,
				89E109B326443F4F00825308 /* BaseLoginHistoryViewController.swift */,
				89E109B52644424800825308 /* BaseConnectSvrViewController.swift */,
				890DF75926160B3E002D8AE5 /* View */,
			);
			path = FilesViewController;
			sourceTree = "<group>";
		};
		890DF75926160B3E002D8AE5 /* View */ = {
			isa = PBXGroup;
			children = (
				890DF75B26160B3E002D8AE5 /* FileTableViewCell.swift */,
				890DF75A26160B3E002D8AE5 /* FolderTableViewCell.swift */,
				890DF75D26160B3E002D8AE5 /* FolderTableViewCell.xib */,
				8944E874263AF48C00EF00B1 /* LinkHistoryTableViewCell.swift */,
				8944E875263AF48C00EF00B1 /* LinkHistoryTableViewCell.xib */,
				899C4E96263BDDE600A17C83 /* LinkHistoryHeaderView.swift */,
			);
			path = View;
			sourceTree = "<group>";
		};
		890DF75E26160B3E002D8AE5 /* PlayerViewController */ = {
			isa = PBXGroup;
			children = (
				897CF527262F308300CC297A /* Setting */,
				890DF76D26160B3E002D8AE5 /* PlayerNavigationController.swift */,
				890DF76126160B3E002D8AE5 /* PlayerViewController.swift */,
				89C79B932A881B200040FEDA /* DanmakuLoadUtil.swift */,
				890DF75F26160B3E002D8AE5 /* SendDanmakuViewController.swift */,
				890DF76226160B3E002D8AE5 /* Manager */,
				890DF76426160B3E002D8AE5 /* Model */,
				890DF76626160B3E002D8AE5 /* View */,
			);
			path = PlayerViewController;
			sourceTree = "<group>";
		};
		890DF76226160B3E002D8AE5 /* Manager */ = {
			isa = PBXGroup;
			children = (
			);
			path = Manager;
			sourceTree = "<group>";
		};
		890DF76426160B3E002D8AE5 /* Model */ = {
			isa = PBXGroup;
			children = (
				890DF76526160B3E002D8AE5 /* PlayerControlAnimater.swift */,
			);
			path = Model;
			sourceTree = "<group>";
		};
		890DF76626160B3E002D8AE5 /* View */ = {
			isa = PBXGroup;
			children = (
				89E0D828266BD4D800E2337B /* PlayerUI */,
				890DF76926160B3E002D8AE5 /* SliderControlView.swift */,
				890DF76A26160B3E002D8AE5 /* SevenSwitch.swift */,
				890DF76C26160B3E002D8AE5 /* VolumeControlView.swift */,
				89AF9C0E26343BE70037A133 /* AutoScrollLabel.swift */,
				89B4B444272484FE00FB1BF5 /* SpeedUpView.swift */,
				89945FDC28C8E7C6009AC640 /* GotoLastWatchPointView.swift */,
			);
			path = View;
			sourceTree = "<group>";
		};
		890DF81E2616175B002D8AE5 /* Main */ = {
			isa = PBXGroup;
			children = (
				890DF820261617AE002D8AE5 /* PickFile */,
			);
			path = Main;
			sourceTree = "<group>";
		};
		890DF820261617AE002D8AE5 /* PickFile */ = {
			isa = PBXGroup;
			children = (
				890DF82726161898002D8AE5 /* View */,
				890DF81B2616174C002D8AE5 /* HomePageViewController.swift */,
				8931F165267CF34400590569 /* HomePageNavigationController.swift */,
			);
			path = PickFile;
			sourceTree = "<group>";
		};
		890DF82726161898002D8AE5 /* View */ = {
			isa = PBXGroup;
			children = (
				890DF821261617D0002D8AE5 /* PickFileTableViewCell.swift */,
				890DF822261617D0002D8AE5 /* PickFileTableViewCell.xib */,
			);
			path = View;
			sourceTree = "<group>";
		};
		890DF850261859A8002D8AE5 /* Helper */ = {
			isa = PBXGroup;
			children = (
				890DF74926160B1B002D8AE5 /* UIFont+Helper.swift */,
				890DF74A26160B1B002D8AE5 /* UIColor+Helper.swift */,
				890DF74B26160B1B002D8AE5 /* UIView+Helper.swift */,
				890DF74C26160B1B002D8AE5 /* UIDevice+Helper.swift */,
				890DF74E26160B1B002D8AE5 /* UITableView+Extension.swift */,
				890DF85A26189533002D8AE5 /* Helper.swift */,
				8931F0E42674CA6A00590569 /* UIBarButtonItem+Helper.swift */,
				8931F0EC26750D6500590569 /* UIView+HitTest.h */,
				8931F0ED26750D6500590569 /* UIView+HitTest.m */,
				89044758290186B40088886B /* UIViewController+Helper.swift */,
			);
			path = Helper;
			sourceTree = "<group>";
		};
		890DF85D26189CB8002D8AE5 /* MatchViewController */ = {
			isa = PBXGroup;
			children = (
				890DF8692618A3EE002D8AE5 /* Model */,
				890DF86226189D14002D8AE5 /* View */,
				890DF85E26189CDF002D8AE5 /* MatchsViewController.swift */,
			);
			path = MatchViewController;
			sourceTree = "<group>";
		};
		890DF86226189D14002D8AE5 /* View */ = {
			isa = PBXGroup;
			children = (
				890DF86326189D26002D8AE5 /* EpisodeTableViewCell.swift */,
				890DF86E2618B922002D8AE5 /* AnimatesTableViewCell.swift */,
			);
			path = View;
			sourceTree = "<group>";
		};
		890DF8692618A3EE002D8AE5 /* Model */ = {
			isa = PBXGroup;
			children = (
				890DF86A2618A406002D8AE5 /* MatchItem.swift */,
			);
			path = Model;
			sourceTree = "<group>";
		};
		8914481A261F50EF00E26133 /* SearchViewController */ = {
			isa = PBXGroup;
			children = (
				8914481B261F510700E26133 /* SearchViewController.swift */,
			);
			path = SearchViewController;
			sourceTree = "<group>";
		};
		8931F0E62674CCC100590569 /* 本地文件 */ = {
			isa = PBXGroup;
			children = (
				8931F0EA2674CD3300590569 /* HttpServerViewController.swift */,
				8931F0EF2677320200590569 /* LocalFilesViewController.swift */,
			);
			path = "本地文件";
			sourceTree = "<group>";
		};
		8931F0E72674CCCA00590569 /* FTP */ = {
			isa = PBXGroup;
			children = (
				8949F8922662AA8E00274520 /* FTPLoginHistoryViewController.swift */,
			);
			path = FTP;
			sourceTree = "<group>";
		};
		8931F0E82674CCD100590569 /* SMB */ = {
			isa = PBXGroup;
			children = (
				8944E870263AF11A00EF00B1 /* SMBLoginHistoryViewController.swift */,
				8944E878263AF6D200EF00B1 /* SMBConnectViewController.swift */,
			);
			path = SMB;
			sourceTree = "<group>";
		};
		8931F0E92674CCD800590569 /* WebDAV */ = {
			isa = PBXGroup;
			children = (
				8949F8902662AA2100274520 /* WebDavLoginHistoryViewController.swift */,
			);
			path = WebDAV;
			sourceTree = "<group>";
		};
		897CF527262F308300CC297A /* Setting */ = {
			isa = PBXGroup;
			children = (
				897CF52F262F316900CC297A /* View */,
				897CF528262F309D00CC297A /* PlayerSettingViewController.swift */,
				897CF52C262F30D200CC297A /* DanmakuSettingViewController.swift */,
				89AF9C062631D4B00037A133 /* MediaSettingViewController.swift */,
			);
			path = Setting;
			sourceTree = "<group>";
		};
		897CF52F262F316900CC297A /* View */ = {
			isa = PBXGroup;
			children = (
				897CF530262F317B00CC297A /* SliderTableViewCell.swift */,
				897CF531262F317B00CC297A /* SliderTableViewCell.xib */,
				89AF9BFC2631C1740037A133 /* SwitchTableViewCell.swift */,
				89AF9BFD2631C1740037A133 /* SwitchTableViewCell.xib */,
				89AF9C012631C2680037A133 /* StepTableViewCell.swift */,
				89AF9C022631C2680037A133 /* StepTableViewCell.xib */,
				89AF9C092631D7120037A133 /* SheetTableViewCell.swift */,
				89AF9C0A2631D7120037A133 /* SheetTableViewCell.xib */,
				89E0D70E266B44BE00E2337B /* TitleTableViewCell.swift */,
				89E0D70F266B44BE00E2337B /* TitleTableViewCell.xib */,
			);
			path = View;
			sourceTree = "<group>";
		};
		8994607328CC6CE1009AC640 /* Vendor */ = {
			isa = PBXGroup;
			children = (
				890886D12A0118A4005EDBD6 /* JHQRCodeReader */,
				8994607428CC6CE1009AC640 /* HttpServer */,
			);
			path = Vendor;
			sourceTree = "<group>";
		};
		8994607428CC6CE1009AC640 /* HttpServer */ = {
			isa = PBXGroup;
			children = (
				8994607528CC6CE1009AC640 /* HttpServer.swift */,
			);
			path = HttpServer;
			sourceTree = "<group>";
		};
		899460F228CC783C009AC640 /* CocoaShare */ = {
			isa = PBXGroup;
			children = (
				8994612D28CC783C009AC640 /* Atomic.swift */,
				8994610B28CC783C009AC640 /* CacheManager.swift */,
				899460F328CC783C009AC640 /* Constant.swift */,
				8994610A28CC783C009AC640 /* DanmakuManager.swift */,
				8994613328CC783C009AC640 /* HistoryManager.swift */,
				8994610C28CC783C009AC640 /* Preferences.swift */,
				8994611628CC783C009AC640 /* SubtitleManager.swift */,
				8994612F28CC783C009AC640 /* Helper */,
				899460F428CC783C009AC640 /* MediaPlayer */,
				8994611728CC783C009AC640 /* Model */,
				8994610E28CC783C009AC640 /* Networking */,
				8994610828CC783C009AC640 /* StoreManager */,
			);
			name = CocoaShare;
			path = ../../Share/CocoaShare;
			sourceTree = "<group>";
		};
		899460F428CC783C009AC640 /* MediaPlayer */ = {
			isa = PBXGroup;
			children = (
				89044753290180110088886B /* Wrapper */,
				8994610728CC783C009AC640 /* MediaPlayer.swift */,
				8994610628CC783C009AC640 /* MediaThumbnailer.swift */,
				8994610528CC783C009AC640 /* URL+Extension.swift */,
				899460F528CC783C009AC640 /* File */,
			);
			path = MediaPlayer;
			sourceTree = "<group>";
		};
		899460F528CC783C009AC640 /* File */ = {
			isa = PBXGroup;
			children = (
				899460F828CC783C009AC640 /* File.swift */,
				890886C329FFE30A005EDBD6 /* PCFile.swift */,
				8994610328CC783C009AC640 /* FTPFile.swift */,
				8994610428CC783C009AC640 /* LocalFile.swift */,
				8994610228CC783C009AC640 /* SMBFile.swift */,
				899460F628CC783C009AC640 /* WebDavFile.swift */,
				899460F728CC783C009AC640 /* WebDAVInputStream.swift */,
				899460F928CC783C009AC640 /* FileManager */,
			);
			path = File;
			sourceTree = "<group>";
		};
		899460F928CC783C009AC640 /* FileManager */ = {
			isa = PBXGroup;
			children = (
				899460FC28CC783C009AC640 /* FileManagerProtocol.swift */,
				899460FD28CC783C009AC640 /* FTPFileManager.swift */,
				899460FB28CC783C009AC640 /* LocalFileManager.swift */,
				899460FA28CC783C009AC640 /* SMBFileManager.swift */,
				890886C729FFE688005EDBD6 /* PC */,
				899460FE28CC783C009AC640 /* WebDav */,
			);
			path = FileManager;
			sourceTree = "<group>";
		};
		899460FE28CC783C009AC640 /* WebDav */ = {
			isa = PBXGroup;
			children = (
				8994610128CC783C009AC640 /* AFWebDAVManager.h */,
				8994610028CC783C009AC640 /* AFWebDAVManager.m */,
				899460FF28CC783C009AC640 /* WebDavFileManager.swift */,
			);
			path = WebDav;
			sourceTree = "<group>";
		};
		8994610828CC783C009AC640 /* StoreManager */ = {
			isa = PBXGroup;
			children = (
				8994610928CC783C009AC640 /* Store.swift */,
			);
			path = StoreManager;
			sourceTree = "<group>";
		};
		8994610E28CC783C009AC640 /* Networking */ = {
			isa = PBXGroup;
			children = (
				8994611528CC783C009AC640 /* NetworkConstant.swift */,
				8994610F28CC783C009AC640 /* NetworkManager.swift */,
				8994611028CC783C009AC640 /* Model */,
			);
			path = Networking;
			sourceTree = "<group>";
		};
		8994611028CC783C009AC640 /* Model */ = {
			isa = PBXGroup;
			children = (
				8994611128CC783C009AC640 /* Comment.swift */,
				8994611228CC783C009AC640 /* Match.swift */,
				8994611328CC783C009AC640 /* Response.swift */,
				8994611428CC783C009AC640 /* Search.swift */,
				899A11C22A18C854009B2953 /* IPModel.swift */,
			);
			path = Model;
			sourceTree = "<group>";
		};
		8994611728CC783C009AC640 /* Model */ = {
			isa = PBXGroup;
			children = (
				8994612B28CC783C009AC640 /* BaseModel.swift */,
				8994612A28CC783C009AC640 /* DanmakuModel.swift */,
				8994612C28CC783C009AC640 /* Rational.swift */,
			);
			path = Model;
			sourceTree = "<group>";
		};
		8994612F28CC783C009AC640 /* Helper */ = {
			isa = PBXGroup;
			children = (
				8994613028CC783C009AC640 /* NSNetService+Utils.h */,
				8994613228CC783C009AC640 /* NSNetService+Utils.m */,
				8994613128CC783C009AC640 /* PathUtils.swift */,
				89AAA20B2972F4E0008CD8AD /* ANXLogHelperModule+Utils.h */,
				89AAA20C2972F4E0008CD8AD /* ANXLogHelperModule+Utils.m */,
				899A11B02A18B703009B2953 /* AppInfoHelper.swift */,
				89C79B912A87D3AA0040FEDA /* Launcher.swift */,
			);
			path = Helper;
			sourceTree = "<group>";
		};
		89E0D60C2669111500E2337B /* SettingViewController */ = {
			isa = PBXGroup;
			children = (
				89E0D60F266911E200E2337B /* View */,
				89E0D60D2669113400E2337B /* SettingViewController.swift */,
				8931F0F526773A2300590569 /* SubtitleOrderViewController.swift */,
			);
			path = SettingViewController;
			sourceTree = "<group>";
		};
		89E0D60F266911E200E2337B /* View */ = {
			isa = PBXGroup;
			children = (
				89E0D6102669127A00E2337B /* SwitchDetailTableViewCell.swift */,
				89E0D6112669127B00E2337B /* SwitchDetailTableViewCell.xib */,
				89E0D6142669143400E2337B /* TitleDetailTableViewCell.swift */,
				89E0D6152669143400E2337B /* TitleDetailTableViewCell.xib */,
				899A11BC2A18C0A5009B2953 /* TitleDetailOpertationTableViewCell.swift */,
				899A11C02A18C0DC009B2953 /* TitleDetailOpertationTableViewCell.xib */,
				8931F0F12677388600590569 /* TitleDetailMoreTableViewCell.swift */,
				8931F0F22677388600590569 /* TitleDetailMoreTableViewCell.xib */,
				8931F0F72677457100590569 /* EditableTableViewCell.swift */,
				8931F0F82677457100590569 /* EditableTableViewCell.xib */,
			);
			path = View;
			sourceTree = "<group>";
		};
		89E0D828266BD4D800E2337B /* PlayerUI */ = {
			isa = PBXGroup;
			children = (
				890DF76826160B3E002D8AE5 /* PlayerUIView.swift */,
				89E0D829266BD4FC00E2337B /* PlayerUITopView.swift */,
				89E0D82B266BDB8600E2337B /* PlayerUIBottomView.swift */,
				899E385C280B2F7A00285191 /* ProgressSlider.swift */,
				897F9B5F2822B2EA00130613 /* SnapshotView.swift */,
			);
			path = PlayerUI;
			sourceTree = "<group>";
		};
		A36E3F8730C441A1F2AC3DAF /* Frameworks */ = {
			isa = PBXGroup;
			children = (
				899A11BA2A18BE2C009B2953 /* CoreTelephony.framework */,
				899A11B82A18BE24009B2953 /* CoreFoundation.framework */,
				899A11B62A18BE1E009B2953 /* SystemConfiguration.framework */,
				899A11B42A18BE18009B2953 /* Foundation.framework */,
				6620BF43605B5DDE3E8B15B6 /* Pods_AniXPlayer.framework */,
			);
			name = Frameworks;
			sourceTree = "<group>";
		};
/* End PBXGroup section */

/* Begin PBXNativeTarget section */
		890DF6C826160826002D8AE5 /* AniXPlayer */ = {
			isa = PBXNativeTarget;
			buildConfigurationList = 890DF6DD26160827002D8AE5 /* Build configuration list for PBXNativeTarget "AniXPlayer" */;
			buildPhases = (
				F5BDEC334CEE6D35CB8921E0 /* [CP] Check Pods Manifest.lock */,
				890DF6C526160826002D8AE5 /* Sources */,
				890DF6C626160826002D8AE5 /* Frameworks */,
				890DF6C726160826002D8AE5 /* Resources */,
				CC9BA52668FD7D5F30AC3E4B /* [CP] Embed Pods Frameworks */,
				8904475C29018AE90088886B /* ShellScript */,
			);
			buildRules = (
			);
			dependencies = (
			);
			name = AniXPlayer;
			productName = AniXPlayer;
			productReference = 890DF6C926160826002D8AE5 /* AniXPlayer.app */;
			productType = "com.apple.product-type.application";
		};
/* End PBXNativeTarget section */

/* Begin PBXProject section */
		890DF6C126160826002D8AE5 /* Project object */ = {
			isa = PBXProject;
			attributes = {
				LastSwiftUpdateCheck = 1240;
				LastUpgradeCheck = 1240;
				TargetAttributes = {
					890DF6C826160826002D8AE5 = {
						CreatedOnToolsVersion = 12.4;
						LastSwiftMigration = 1250;
					};
				};
			};
			buildConfigurationList = 890DF6C426160826002D8AE5 /* Build configuration list for PBXProject "AniXPlayer" */;
			compatibilityVersion = "Xcode 9.3";
			developmentRegion = en;
			hasScannedForEncodings = 0;
			knownRegions = (
				en,
				Base,
				"zh-Hans",
			);
			mainGroup = 890DF6C026160826002D8AE5;
			productRefGroup = 890DF6CA26160826002D8AE5 /* Products */;
			projectDirPath = "";
			projectRoot = "";
			targets = (
				890DF6C826160826002D8AE5 /* AniXPlayer */,
			);
		};
/* End PBXProject section */

/* Begin PBXResourcesBuildPhase section */
		890DF6C726160826002D8AE5 /* Resources */ = {
			isa = PBXResourcesBuildPhase;
			buildActionMask = 2147483647;
			files = (
				89E0D6172669143400E2337B /* TitleDetailTableViewCell.xib in Resources */,
				8931F0FA2677457100590569 /* EditableTableViewCell.xib in Resources */,
				890DF6D926160827002D8AE5 /* LaunchScreen.storyboard in Resources */,
				89AF9BFF2631C1740037A133 /* SwitchTableViewCell.xib in Resources */,
				89E0D6132669127B00E2337B /* SwitchDetailTableViewCell.xib in Resources */,
				890DF77226160B3E002D8AE5 /* FolderTableViewCell.xib in Resources */,
				89AF9C0C2631D7120037A133 /* SheetTableViewCell.xib in Resources */,
				8944E877263AF48C00EF00B1 /* LinkHistoryTableViewCell.xib in Resources */,
				8931F0F42677388600590569 /* TitleDetailMoreTableViewCell.xib in Resources */,
				890DF6D626160827002D8AE5 /* Assets.xcassets in Resources */,
				8904475B290189CD0088886B /* GoogleService-Info.plist in Resources */,
				890DF824261617D0002D8AE5 /* PickFileTableViewCell.xib in Resources */,
				899A11C12A18C0DC009B2953 /* TitleDetailOpertationTableViewCell.xib in Resources */,
				89AF9C042631C2680037A133 /* StepTableViewCell.xib in Resources */,
				897CF533262F317B00CC297A /* SliderTableViewCell.xib in Resources */,
				89E0D711266B44BE00E2337B /* TitleTableViewCell.xib in Resources */,
				890DF6D426160826002D8AE5 /* Main.storyboard in Resources */,
				890DF6EE26160A25002D8AE5 /* RefreshText.plist in Resources */,
			);
			runOnlyForDeploymentPostprocessing = 0;
		};
/* End PBXResourcesBuildPhase section */

/* Begin PBXShellScriptBuildPhase section */
		8904475C29018AE90088886B /* ShellScript */ = {
			isa = PBXShellScriptBuildPhase;
			buildActionMask = 2147483647;
			files = (
			);
			inputFileListPaths = (
			);
			inputPaths = (
			);
			outputFileListPaths = (
			);
			outputPaths = (
			);
			runOnlyForDeploymentPostprocessing = 0;
			shellPath = /bin/sh;
			shellScript = "# Type a script or drag a script file from your workspace to insert its path.\n\n\"${PODS_ROOT}/FirebaseCrashlytics/run\"\n";
		};
		CC9BA52668FD7D5F30AC3E4B /* [CP] Embed Pods Frameworks */ = {
			isa = PBXShellScriptBuildPhase;
			buildActionMask = 2147483647;
			files = (
			);
			inputFileListPaths = (
				"${PODS_ROOT}/Target Support Files/Pods-AniXPlayer/Pods-AniXPlayer-frameworks-${CONFIGURATION}-input-files.xcfilelist",
			);
			name = "[CP] Embed Pods Frameworks";
			outputFileListPaths = (
				"${PODS_ROOT}/Target Support Files/Pods-AniXPlayer/Pods-AniXPlayer-frameworks-${CONFIGURATION}-output-files.xcfilelist",
			);
			runOnlyForDeploymentPostprocessing = 0;
			shellPath = /bin/sh;
			shellScript = "\"${PODS_ROOT}/Target Support Files/Pods-AniXPlayer/Pods-AniXPlayer-frameworks.sh\"\n";
			showEnvVarsInLog = 0;
		};
		F5BDEC334CEE6D35CB8921E0 /* [CP] Check Pods Manifest.lock */ = {
			isa = PBXShellScriptBuildPhase;
			buildActionMask = 2147483647;
			files = (
			);
			inputFileListPaths = (
			);
			inputPaths = (
				"${PODS_PODFILE_DIR_PATH}/Podfile.lock",
				"${PODS_ROOT}/Manifest.lock",
			);
			name = "[CP] Check Pods Manifest.lock";
			outputFileListPaths = (
			);
			outputPaths = (
				"$(DERIVED_FILE_DIR)/Pods-AniXPlayer-checkManifestLockResult.txt",
			);
			runOnlyForDeploymentPostprocessing = 0;
			shellPath = /bin/sh;
			shellScript = "diff \"${PODS_PODFILE_DIR_PATH}/Podfile.lock\" \"${PODS_ROOT}/Manifest.lock\" > /dev/null\nif [ $? != 0 ] ; then\n    # print error to STDERR\n    echo \"error: The sandbox is not in sync with the Podfile.lock. Run 'pod install' or update your CocoaPods installation.\" >&2\n    exit 1\nfi\n# This output is used by Xcode 'outputs' to avoid re-running this script phase.\necho \"SUCCESS\" > \"${SCRIPT_OUTPUT_FILE_0}\"\n";
			showEnvVarsInLog = 0;
		};
/* End PBXShellScriptBuildPhase section */

/* Begin PBXSourcesBuildPhase section */
		890DF6C526160826002D8AE5 /* Sources */ = {
			isa = PBXSourcesBuildPhase;
			buildActionMask = 2147483647;
			files = (
				8994614928CC783C009AC640 /* NetworkManager.swift in Sources */,
				897F9B602822B2EA00130613 /* SnapshotView.swift in Sources */,
				890DF77726160B3E002D8AE5 /* PlayerControlAnimater.swift in Sources */,
				899A9DDF262F35EB00C54AC9 /* SliderTableViewCell.swift in Sources */,
				8994616328CC783C009AC640 /* PathUtils.swift in Sources */,
				8994614528CC783C009AC640 /* DanmakuManager.swift in Sources */,
				890886CE2A010C6E005EDBD6 /* PCLibraryModel.swift in Sources */,
				89B4B445272484FE00FB1BF5 /* SpeedUpView.swift in Sources */,
				89AF9BFE2631C1740037A133 /* SwitchTableViewCell.swift in Sources */,
				8994614128CC783C009AC640 /* URL+Extension.swift in Sources */,
				899A11C32A18C854009B2953 /* IPModel.swift in Sources */,
				89E0D710266B44BE00E2337B /* TitleTableViewCell.swift in Sources */,
				8994613428CC783C009AC640 /* Constant.swift in Sources */,
				890DF6CD26160826002D8AE5 /* AppDelegate.swift in Sources */,
				890DF85F26189CDF002D8AE5 /* MatchsViewController.swift in Sources */,
				890DF76E26160B3E002D8AE5 /* FileBrowserViewController.swift in Sources */,
				8994613728CC783C009AC640 /* File.swift in Sources */,
				8944E879263AF6D200EF00B1 /* SMBConnectViewController.swift in Sources */,
				89E0D6122669127B00E2337B /* SwitchDetailTableViewCell.swift in Sources */,
				89AF9C0B2631D7120037A133 /* SheetTableViewCell.swift in Sources */,
				890DF85B26189533002D8AE5 /* Helper.swift in Sources */,
				890DF86B2618A406002D8AE5 /* MatchItem.swift in Sources */,
				890DF75026160B1B002D8AE5 /* UIColor+Helper.swift in Sources */,
				8994615F28CC783C009AC640 /* DanmakuModel.swift in Sources */,
				890DF6F926160A36002D8AE5 /* Label.swift in Sources */,
				89AF9C072631D4B00037A133 /* MediaSettingViewController.swift in Sources */,
				8994614C28CC783C009AC640 /* Response.swift in Sources */,
				8994614628CC783C009AC640 /* CacheManager.swift in Sources */,
				8994614A28CC783C009AC640 /* Comment.swift in Sources */,
				8931F0F02677320200590569 /* LocalFilesViewController.swift in Sources */,
				8994614028CC783C009AC640 /* LocalFile.swift in Sources */,
				8994607628CC6CE1009AC640 /* HttpServer.swift in Sources */,
				8994614E28CC783C009AC640 /* NetworkConstant.swift in Sources */,
				890DF77D26160B3E002D8AE5 /* VolumeControlView.swift in Sources */,
				8994613D28CC783C009AC640 /* AFWebDAVManager.m in Sources */,
				890DF6FC26160A36002D8AE5 /* TableView.swift in Sources */,
				8994614428CC783C009AC640 /* Store.swift in Sources */,
				89E109B62644424800825308 /* BaseConnectSvrViewController.swift in Sources */,
				890886D92A011971005EDBD6 /* PCQRScannerViewController.swift in Sources */,
				89BFF04B2A06C0A00076C676 /* PCSubtitleModel.swift in Sources */,
				8994616028CC783C009AC640 /* BaseModel.swift in Sources */,
				8994613C28CC783C009AC640 /* WebDavFileManager.swift in Sources */,
				8994614B28CC783C009AC640 /* Match.swift in Sources */,
				8994616128CC783C009AC640 /* Rational.swift in Sources */,
				89044759290186B40088886B /* UIViewController+Helper.swift in Sources */,
				890886DB2A011C8B005EDBD6 /* PCQRModel.swift in Sources */,
				89AAA20D2972F4E0008CD8AD /* ANXLogHelperModule+Utils.m in Sources */,
				8994614328CC783C009AC640 /* MediaPlayer.swift in Sources */,
				8949F8912662AA2100274520 /* WebDavLoginHistoryViewController.swift in Sources */,
				890886C629FFE33E005EDBD6 /* PCFileManager.swift in Sources */,
				899E385D280B2F7A00285191 /* ProgressSlider.swift in Sources */,
				890DF75426160B1B002D8AE5 /* UITableView+Extension.swift in Sources */,
				89044755290180110088886B /* VLCPlayerWrapper.swift in Sources */,
				89E0D82A266BD4FC00E2337B /* PlayerUITopView.swift in Sources */,
				890DF86F2618B922002D8AE5 /* AnimatesTableViewCell.swift in Sources */,
				8931F0F626773A2300590569 /* SubtitleOrderViewController.swift in Sources */,
				899C4E97263BDDE600A17C83 /* LinkHistoryHeaderView.swift in Sources */,
				8994613B28CC783C009AC640 /* FTPFileManager.swift in Sources */,
				89C79B922A87D3AA0040FEDA /* Launcher.swift in Sources */,
				890DF77E26160B3E002D8AE5 /* PlayerNavigationController.swift in Sources */,
				89AAA20A29727DC0008CD8AD /* MPVPlayerWrapper.swift in Sources */,
				8931F0E52674CA6A00590569 /* UIBarButtonItem+Helper.swift in Sources */,
				890DF81C2616174C002D8AE5 /* HomePageViewController.swift in Sources */,
				890DF6FE26160A36002D8AE5 /* NavigationController.swift in Sources */,
				89E0D60E2669113400E2337B /* SettingViewController.swift in Sources */,
				890886CA29FFE6D9005EDBD6 /* PCWelcomeModel.swift in Sources */,
				890886C429FFE30A005EDBD6 /* PCFile.swift in Sources */,
				899A11BE2A18C0A5009B2953 /* TitleDetailOpertationTableViewCell.swift in Sources */,
				8994613F28CC783C009AC640 /* FTPFile.swift in Sources */,
				89E109B426443F4F00825308 /* BaseLoginHistoryViewController.swift in Sources */,
				890DF77A26160B3E002D8AE5 /* SliderControlView.swift in Sources */,
				8944E87D263BD69800EF00B1 /* Button.swift in Sources */,
				8994613A28CC783C009AC640 /* FileManagerProtocol.swift in Sources */,
				8944E871263AF11A00EF00B1 /* SMBLoginHistoryViewController.swift in Sources */,
				890DF6FB26160A36002D8AE5 /* TableViewCell.swift in Sources */,
				890DF86526189D26002D8AE5 /* EpisodeTableViewCell.swift in Sources */,
				89AF9C032631C2680037A133 /* StepTableViewCell.swift in Sources */,
				8994616428CC783C009AC640 /* NSNetService+Utils.m in Sources */,
				8944E87B263AF72400EF00B1 /* TextField.swift in Sources */,
				8931F0F92677457100590569 /* EditableTableViewCell.swift in Sources */,
				8931F0EB2674CD3300590569 /* HttpServerViewController.swift in Sources */,
				890DF77926160B3E002D8AE5 /* PlayerUIView.swift in Sources */,
				897CF52D262F30D200CC297A /* DanmakuSettingViewController.swift in Sources */,
				8994616528CC783C009AC640 /* HistoryManager.swift in Sources */,
				8994616228CC783C009AC640 /* Atomic.swift in Sources */,
				89C79B942A881B200040FEDA /* DanmakuLoadUtil.swift in Sources */,
				890DF77B26160B3E002D8AE5 /* SevenSwitch.swift in Sources */,
				8994613628CC783C009AC640 /* WebDAVInputStream.swift in Sources */,
				8994614728CC783C009AC640 /* Preferences.swift in Sources */,
				890886DD2A01277B005EDBD6 /* PCConnectSvrViewController.swift in Sources */,
				890886D42A0118A4005EDBD6 /* JHQRCodeReader.m in Sources */,
				897CF529262F309D00CC297A /* PlayerSettingViewController.swift in Sources */,
				890DF74F26160B1B002D8AE5 /* UIFont+Helper.swift in Sources */,
				89E0D6162669143400E2337B /* TitleDetailTableViewCell.swift in Sources */,
				8931F0EE26750D6500590569 /* UIView+HitTest.m in Sources */,
				89E0D82C266BDB8600E2337B /* PlayerUIBottomView.swift in Sources */,
				890DF77526160B3E002D8AE5 /* PlayerViewController.swift in Sources */,
				890DF76F26160B3E002D8AE5 /* FolderTableViewCell.swift in Sources */,
				8944E876263AF48C00EF00B1 /* LinkHistoryTableViewCell.swift in Sources */,
				890DF77026160B3E002D8AE5 /* FileTableViewCell.swift in Sources */,
				890DF6FA26160A36002D8AE5 /* RefreshHeader.swift in Sources */,
				890DF75226160B1B002D8AE5 /* UIDevice+Helper.swift in Sources */,
				89945FDD28C8E7C6009AC640 /* GotoLastWatchPointView.swift in Sources */,
				8994613928CC783C009AC640 /* LocalFileManager.swift in Sources */,
				890DF823261617D0002D8AE5 /* PickFileTableViewCell.swift in Sources */,
				890DF77326160B3E002D8AE5 /* SendDanmakuViewController.swift in Sources */,
				890DF75126160B1B002D8AE5 /* UIView+Helper.swift in Sources */,
				890886D02A0117CA005EDBD6 /* PCLoginHistoryViewController.swift in Sources */,
				8931F166267CF34400590569 /* HomePageNavigationController.swift in Sources */,
				8994613828CC783C009AC640 /* SMBFileManager.swift in Sources */,
				89AF9C0F26343BE70037A133 /* AutoScrollLabel.swift in Sources */,
				899A11B12A18B703009B2953 /* AppInfoHelper.swift in Sources */,
				89E0D827266BBA9400E2337B /* SceneDelegate.swift in Sources */,
				8994613E28CC783C009AC640 /* SMBFile.swift in Sources */,
				8914481C261F510700E26133 /* SearchViewController.swift in Sources */,
				8994613528CC783C009AC640 /* WebDavFile.swift in Sources */,
				890DF6FD26160A36002D8AE5 /* ViewController.swift in Sources */,
				8931F0F32677388600590569 /* TitleDetailMoreTableViewCell.swift in Sources */,
				8994614D28CC783C009AC640 /* Search.swift in Sources */,
				8994614F28CC783C009AC640 /* SubtitleManager.swift in Sources */,
				8949F8932662AA8E00274520 /* FTPLoginHistoryViewController.swift in Sources */,
				8994614228CC783C009AC640 /* MediaThumbnailer.swift in Sources */,
			);
			runOnlyForDeploymentPostprocessing = 0;
		};
/* End PBXSourcesBuildPhase section */

/* Begin PBXVariantGroup section */
		890DF6D226160826002D8AE5 /* Main.storyboard */ = {
			isa = PBXVariantGroup;
			children = (
				890DF6D326160826002D8AE5 /* Base */,
				8931F12D2678FD1400590569 /* zh-Hans */,
			);
			name = Main.storyboard;
			sourceTree = "<group>";
		};
		890DF6D726160827002D8AE5 /* LaunchScreen.storyboard */ = {
			isa = PBXVariantGroup;
			children = (
				890DF6D826160827002D8AE5 /* Base */,
				8931F12E2678FD1500590569 /* zh-Hans */,
			);
			name = LaunchScreen.storyboard;
			sourceTree = "<group>";
		};
/* End PBXVariantGroup section */

/* Begin XCBuildConfiguration section */
		890DF6DB26160827002D8AE5 /* Debug */ = {
			isa = XCBuildConfiguration;
			buildSettings = {
				ALWAYS_SEARCH_USER_PATHS = NO;
				CLANG_ANALYZER_LOCALIZABILITY_NONLOCALIZED = YES;
				CLANG_ANALYZER_NONNULL = YES;
				CLANG_ANALYZER_NUMBER_OBJECT_CONVERSION = YES_AGGRESSIVE;
				CLANG_CXX_LANGUAGE_STANDARD = "gnu++14";
				CLANG_CXX_LIBRARY = "libc++";
				CLANG_ENABLE_MODULES = YES;
				CLANG_ENABLE_OBJC_ARC = YES;
				CLANG_ENABLE_OBJC_WEAK = YES;
				CLANG_WARN_BLOCK_CAPTURE_AUTORELEASING = YES;
				CLANG_WARN_BOOL_CONVERSION = YES;
				CLANG_WARN_COMMA = YES;
				CLANG_WARN_CONSTANT_CONVERSION = YES;
				CLANG_WARN_DEPRECATED_OBJC_IMPLEMENTATIONS = YES;
				CLANG_WARN_DIRECT_OBJC_ISA_USAGE = YES_ERROR;
				CLANG_WARN_DOCUMENTATION_COMMENTS = YES;
				CLANG_WARN_EMPTY_BODY = YES;
				CLANG_WARN_ENUM_CONVERSION = YES;
				CLANG_WARN_INFINITE_RECURSION = YES;
				CLANG_WARN_INT_CONVERSION = YES;
				CLANG_WARN_NON_LITERAL_NULL_CONVERSION = YES;
				CLANG_WARN_OBJC_IMPLICIT_RETAIN_SELF = YES;
				CLANG_WARN_OBJC_LITERAL_CONVERSION = YES;
				CLANG_WARN_OBJC_ROOT_CLASS = YES_ERROR;
				CLANG_WARN_QUOTED_INCLUDE_IN_FRAMEWORK_HEADER = YES;
				CLANG_WARN_RANGE_LOOP_ANALYSIS = YES;
				CLANG_WARN_STRICT_PROTOTYPES = YES;
				CLANG_WARN_SUSPICIOUS_MOVE = YES;
				CLANG_WARN_UNGUARDED_AVAILABILITY = YES_AGGRESSIVE;
				CLANG_WARN_UNREACHABLE_CODE = YES;
				CLANG_WARN__DUPLICATE_METHOD_MATCH = YES;
				COPY_PHASE_STRIP = NO;
				DEBUG_INFORMATION_FORMAT = dwarf;
				ENABLE_STRICT_OBJC_MSGSEND = YES;
				ENABLE_TESTABILITY = YES;
				GCC_C_LANGUAGE_STANDARD = gnu11;
				GCC_DYNAMIC_NO_PIC = NO;
				GCC_NO_COMMON_BLOCKS = YES;
				GCC_OPTIMIZATION_LEVEL = 0;
				GCC_PREPROCESSOR_DEFINITIONS = (
					"DEBUG=1",
					"$(inherited)",
				);
				GCC_WARN_64_TO_32_BIT_CONVERSION = YES;
				GCC_WARN_ABOUT_RETURN_TYPE = YES_ERROR;
				GCC_WARN_UNDECLARED_SELECTOR = YES;
				GCC_WARN_UNINITIALIZED_AUTOS = YES_AGGRESSIVE;
				GCC_WARN_UNUSED_FUNCTION = YES;
				GCC_WARN_UNUSED_VARIABLE = YES;
				IPHONEOS_DEPLOYMENT_TARGET = 11.0;
				MTL_ENABLE_DEBUG_INFO = INCLUDE_SOURCE;
				MTL_FAST_MATH = YES;
				ONLY_ACTIVE_ARCH = YES;
				SDKROOT = iphoneos;
				SWIFT_ACTIVE_COMPILATION_CONDITIONS = DEBUG;
				SWIFT_OPTIMIZATION_LEVEL = "-Onone";
			};
			name = Debug;
		};
		890DF6DC26160827002D8AE5 /* Release */ = {
			isa = XCBuildConfiguration;
			buildSettings = {
				ALWAYS_SEARCH_USER_PATHS = NO;
				CLANG_ANALYZER_LOCALIZABILITY_NONLOCALIZED = YES;
				CLANG_ANALYZER_NONNULL = YES;
				CLANG_ANALYZER_NUMBER_OBJECT_CONVERSION = YES_AGGRESSIVE;
				CLANG_CXX_LANGUAGE_STANDARD = "gnu++14";
				CLANG_CXX_LIBRARY = "libc++";
				CLANG_ENABLE_MODULES = YES;
				CLANG_ENABLE_OBJC_ARC = YES;
				CLANG_ENABLE_OBJC_WEAK = YES;
				CLANG_WARN_BLOCK_CAPTURE_AUTORELEASING = YES;
				CLANG_WARN_BOOL_CONVERSION = YES;
				CLANG_WARN_COMMA = YES;
				CLANG_WARN_CONSTANT_CONVERSION = YES;
				CLANG_WARN_DEPRECATED_OBJC_IMPLEMENTATIONS = YES;
				CLANG_WARN_DIRECT_OBJC_ISA_USAGE = YES_ERROR;
				CLANG_WARN_DOCUMENTATION_COMMENTS = YES;
				CLANG_WARN_EMPTY_BODY = YES;
				CLANG_WARN_ENUM_CONVERSION = YES;
				CLANG_WARN_INFINITE_RECURSION = YES;
				CLANG_WARN_INT_CONVERSION = YES;
				CLANG_WARN_NON_LITERAL_NULL_CONVERSION = YES;
				CLANG_WARN_OBJC_IMPLICIT_RETAIN_SELF = YES;
				CLANG_WARN_OBJC_LITERAL_CONVERSION = YES;
				CLANG_WARN_OBJC_ROOT_CLASS = YES_ERROR;
				CLANG_WARN_QUOTED_INCLUDE_IN_FRAMEWORK_HEADER = YES;
				CLANG_WARN_RANGE_LOOP_ANALYSIS = YES;
				CLANG_WARN_STRICT_PROTOTYPES = YES;
				CLANG_WARN_SUSPICIOUS_MOVE = YES;
				CLANG_WARN_UNGUARDED_AVAILABILITY = YES_AGGRESSIVE;
				CLANG_WARN_UNREACHABLE_CODE = YES;
				CLANG_WARN__DUPLICATE_METHOD_MATCH = YES;
				COPY_PHASE_STRIP = NO;
				DEBUG_INFORMATION_FORMAT = "dwarf-with-dsym";
				ENABLE_NS_ASSERTIONS = NO;
				ENABLE_STRICT_OBJC_MSGSEND = YES;
				GCC_C_LANGUAGE_STANDARD = gnu11;
				GCC_NO_COMMON_BLOCKS = YES;
				GCC_WARN_64_TO_32_BIT_CONVERSION = YES;
				GCC_WARN_ABOUT_RETURN_TYPE = YES_ERROR;
				GCC_WARN_UNDECLARED_SELECTOR = YES;
				GCC_WARN_UNINITIALIZED_AUTOS = YES_AGGRESSIVE;
				GCC_WARN_UNUSED_FUNCTION = YES;
				GCC_WARN_UNUSED_VARIABLE = YES;
				IPHONEOS_DEPLOYMENT_TARGET = 11.0;
				MTL_ENABLE_DEBUG_INFO = NO;
				MTL_FAST_MATH = YES;
				SDKROOT = iphoneos;
				SWIFT_COMPILATION_MODE = wholemodule;
				SWIFT_OPTIMIZATION_LEVEL = "-O";
				VALIDATE_PRODUCT = YES;
			};
			name = Release;
		};
		890DF6DE26160827002D8AE5 /* Debug */ = {
			isa = XCBuildConfiguration;
			baseConfigurationReference = F410B8A741526DF765820021 /* Pods-AniXPlayer.debug.xcconfig */;
			buildSettings = {
				ASSETCATALOG_COMPILER_APPICON_NAME = AppIcon;
				ASSETCATALOG_COMPILER_GLOBAL_ACCENT_COLOR_NAME = AccentColor;
				CLANG_ENABLE_MODULES = YES;
				CODE_SIGN_STYLE = Automatic;
				CURRENT_PROJECT_VERSION = 2023100501;
				DEVELOPMENT_TEAM = 94L7P6P9PY;
				ENABLE_BITCODE = NO;
				FRAMEWORK_SEARCH_PATHS = (
					"$(inherited)",
					"$(PROJECT_DIR)/AniXPlayer/Vendor",
				);
				INFOPLIST_FILE = AniXPlayer/Info.plist;
				LD_RUNPATH_SEARCH_PATHS = (
					"$(inherited)",
					"@executable_path/Frameworks",
				);
				MARKETING_VERSION = 6.0.1;
				PRODUCT_BUNDLE_IDENTIFIER = com.anixplayer.ios;
				PRODUCT_NAME = "$(TARGET_NAME)";
				SWIFT_OBJC_BRIDGING_HEADER = "${SRCROOT}/AniXPlayer/AniXPlayer-Bridging-Header.h";
				SWIFT_OPTIMIZATION_LEVEL = "-Onone";
				SWIFT_VERSION = 5.0;
				TARGETED_DEVICE_FAMILY = "1,2";
			};
			name = Debug;
		};
		890DF6DF26160827002D8AE5 /* Release */ = {
			isa = XCBuildConfiguration;
			baseConfigurationReference = CF2D5334A2A53D20F8B80E22 /* Pods-AniXPlayer.release.xcconfig */;
			buildSettings = {
				ASSETCATALOG_COMPILER_APPICON_NAME = AppIcon;
				ASSETCATALOG_COMPILER_GLOBAL_ACCENT_COLOR_NAME = AccentColor;
				CLANG_ENABLE_MODULES = YES;
				CODE_SIGN_STYLE = Automatic;
				CURRENT_PROJECT_VERSION = 2023100501;
				DEVELOPMENT_TEAM = 94L7P6P9PY;
				ENABLE_BITCODE = NO;
				FRAMEWORK_SEARCH_PATHS = (
					"$(inherited)",
					"$(PROJECT_DIR)/AniXPlayer/Vendor",
				);
				INFOPLIST_FILE = AniXPlayer/Info.plist;
				LD_RUNPATH_SEARCH_PATHS = (
					"$(inherited)",
					"@executable_path/Frameworks",
				);
				MARKETING_VERSION = 6.0.1;
				PRODUCT_BUNDLE_IDENTIFIER = com.anixplayer.ios;
				PRODUCT_NAME = "$(TARGET_NAME)";
				SWIFT_OBJC_BRIDGING_HEADER = "${SRCROOT}/AniXPlayer/AniXPlayer-Bridging-Header.h";
				SWIFT_VERSION = 5.0;
				TARGETED_DEVICE_FAMILY = "1,2";
			};
			name = Release;
		};
/* End XCBuildConfiguration section */

/* Begin XCConfigurationList section */
		890DF6C426160826002D8AE5 /* Build configuration list for PBXProject "AniXPlayer" */ = {
			isa = XCConfigurationList;
			buildConfigurations = (
				890DF6DB26160827002D8AE5 /* Debug */,
				890DF6DC26160827002D8AE5 /* Release */,
			);
			defaultConfigurationIsVisible = 0;
			defaultConfigurationName = Release;
		};
		890DF6DD26160827002D8AE5 /* Build configuration list for PBXNativeTarget "AniXPlayer" */ = {
			isa = XCConfigurationList;
			buildConfigurations = (
				890DF6DE26160827002D8AE5 /* Debug */,
				890DF6DF26160827002D8AE5 /* Release */,
			);
			defaultConfigurationIsVisible = 0;
			defaultConfigurationName = Release;
		};
/* End XCConfigurationList section */
	};
	rootObject = 890DF6C126160826002D8AE5 /* Project object */;
}
